// !$*UTF8*$!
{
	archiveVersion = 1;
	classes = {
	};
	objectVersion = 46;
	objects = {

/* Begin PBXBuildFile section */
		22AD928B1A92B1A9004E2384 /* main.m in Sources */ = {isa = PBXBuildFile; fileRef = 22AD928A1A92B1A9004E2384 /* main.m */; };
		22AD928E1A92B1A9004E2384 /* AppDelegate.m in Sources */ = {isa = PBXBuildFile; fileRef = 22AD928D1A92B1A9004E2384 /* AppDelegate.m */; };
		22AD92A51A92B1A9004E2384 /* TestNotificationTests.m in Sources */ = {isa = PBXBuildFile; fileRef = 22AD92A41A92B1A9004E2384 /* TestNotificationTests.m */; };
		22AD92BC1A92B1E9004E2384 /* AutoLayout.m in Sources */ = {isa = PBXBuildFile; fileRef = 22AD92B21A92B1E9004E2384 /* AutoLayout.m */; };
		22AD92BD1A92B1E9004E2384 /* EntityDetailViewController.m in Sources */ = {isa = PBXBuildFile; fileRef = 22AD92B41A92B1E9004E2384 /* EntityDetailViewController.m */; };
		22AD92BE1A92B1E9004E2384 /* ListPersistViewController.m in Sources */ = {isa = PBXBuildFile; fileRef = 22AD92B71A92B1E9004E2384 /* ListPersistViewController.m */; };
		22AD92BF1A92B1E9004E2384 /* MyViewController.m in Sources */ = {isa = PBXBuildFile; fileRef = 22AD92B91A92B1E9004E2384 /* MyViewController.m */; };
		22AD92C01A92B1E9004E2384 /* TextFieldCell.m in Sources */ = {isa = PBXBuildFile; fileRef = 22AD92BB1A92B1E9004E2384 /* TextFieldCell.m */; };
/* End PBXBuildFile section */

/* Begin PBXContainerItemProxy section */
		22AD929F1A92B1A9004E2384 /* PBXContainerItemProxy */ = {
			isa = PBXContainerItemProxy;
			containerPortal = 22AD927D1A92B1A9004E2384 /* Project object */;
			proxyType = 1;
			remoteGlobalIDString = 22AD92841A92B1A9004E2384;
			remoteInfo = TestNotification;
		};
/* End PBXContainerItemProxy section */

/* Begin PBXFileReference section */
		22AD92851A92B1A9004E2384 /* TestNotification.app */ = {isa = PBXFileReference; explicitFileType = wrapper.application; includeInIndex = 0; path = TestNotification.app; sourceTree = BUILT_PRODUCTS_DIR; };
		22AD92891A92B1A9004E2384 /* Info.plist */ = {isa = PBXFileReference; lastKnownFileType = text.plist.xml; path = Info.plist; sourceTree = "<group>"; };
		22AD928A1A92B1A9004E2384 /* main.m */ = {isa = PBXFileReference; lastKnownFileType = sourcecode.c.objc; path = main.m; sourceTree = "<group>"; };
		22AD928C1A92B1A9004E2384 /* AppDelegate.h */ = {isa = PBXFileReference; lastKnownFileType = sourcecode.c.h; path = AppDelegate.h; sourceTree = "<group>"; };
		22AD928D1A92B1A9004E2384 /* AppDelegate.m */ = {isa = PBXFileReference; lastKnownFileType = sourcecode.c.objc; path = AppDelegate.m; sourceTree = "<group>"; };
		22AD929E1A92B1A9004E2384 /* TestNotificationTests.xctest */ = {isa = PBXFileReference; explicitFileType = wrapper.cfbundle; includeInIndex = 0; path = TestNotificationTests.xctest; sourceTree = BUILT_PRODUCTS_DIR; };
		22AD92A31A92B1A9004E2384 /* Info.plist */ = {isa = PBXFileReference; lastKnownFileType = text.plist.xml; path = Info.plist; sourceTree = "<group>"; };
		22AD92A41A92B1A9004E2384 /* TestNotificationTests.m */ = {isa = PBXFileReference; lastKnownFileType = sourcecode.c.objc; path = TestNotificationTests.m; sourceTree = "<group>"; };
		22AD92B11A92B1E9004E2384 /* AutoLayout.h */ = {isa = PBXFileReference; fileEncoding = 4; lastKnownFileType = sourcecode.c.h; path = AutoLayout.h; sourceTree = "<group>"; };
		22AD92B21A92B1E9004E2384 /* AutoLayout.m */ = {isa = PBXFileReference; fileEncoding = 4; lastKnownFileType = sourcecode.c.objc; path = AutoLayout.m; sourceTree = "<group>"; };
		22AD92B31A92B1E9004E2384 /* EntityDetailViewController.h */ = {isa = PBXFileReference; fileEncoding = 4; lastKnownFileType = sourcecode.c.h; path = EntityDetailViewController.h; sourceTree = "<group>"; };
		22AD92B41A92B1E9004E2384 /* EntityDetailViewController.m */ = {isa = PBXFileReference; fileEncoding = 4; lastKnownFileType = sourcecode.c.objc; path = EntityDetailViewController.m; sourceTree = "<group>"; };
		22AD92B51A92B1E9004E2384 /* EntityPersistent.h */ = {isa = PBXFileReference; fileEncoding = 4; lastKnownFileType = sourcecode.c.h; path = EntityPersistent.h; sourceTree = "<group>"; };
		22AD92B61A92B1E9004E2384 /* ListPersistViewController.h */ = {isa = PBXFileReference; fileEncoding = 4; lastKnownFileType = sourcecode.c.h; path = ListPersistViewController.h; sourceTree = "<group>"; };
		22AD92B71A92B1E9004E2384 /* ListPersistViewController.m */ = {isa = PBXFileReference; fileEncoding = 4; lastKnownFileType = sourcecode.c.objc; path = ListPersistViewController.m; sourceTree = "<group>"; };
		22AD92B81A92B1E9004E2384 /* MyViewController.h */ = {isa = PBXFileReference; fileEncoding = 4; lastKnownFileType = sourcecode.c.h; path = MyViewController.h; sourceTree = "<group>"; };
		22AD92B91A92B1E9004E2384 /* MyViewController.m */ = {isa = PBXFileReference; fileEncoding = 4; lastKnownFileType = sourcecode.c.objc; path = MyViewController.m; sourceTree = "<group>"; };
		22AD92BA1A92B1E9004E2384 /* TextFieldCell.h */ = {isa = PBXFileReference; fileEncoding = 4; lastKnownFileType = sourcecode.c.h; path = TextFieldCell.h; sourceTree = "<group>"; };
		22AD92BB1A92B1E9004E2384 /* TextFieldCell.m */ = {isa = PBXFileReference; fileEncoding = 4; lastKnownFileType = sourcecode.c.objc; path = TextFieldCell.m; sourceTree = "<group>"; };
/* End PBXFileReference section */

/* Begin PBXFrameworksBuildPhase section */
		22AD92821A92B1A9004E2384 /* Frameworks */ = {
			isa = PBXFrameworksBuildPhase;
			buildActionMask = 2147483647;
			files = (
			);
			runOnlyForDeploymentPostprocessing = 0;
		};
		22AD929B1A92B1A9004E2384 /* Frameworks */ = {
			isa = PBXFrameworksBuildPhase;
			buildActionMask = 2147483647;
			files = (
			);
			runOnlyForDeploymentPostprocessing = 0;
		};
/* End PBXFrameworksBuildPhase section */

/* Begin PBXGroup section */
		22AD927C1A92B1A9004E2384 = {
			isa = PBXGroup;
			children = (
				22AD92871A92B1A9004E2384 /* TestNotification */,
				22AD92A11A92B1A9004E2384 /* TestNotificationTests */,
				22AD92861A92B1A9004E2384 /* Products */,
			);
			sourceTree = "<group>";
		};
		22AD92861A92B1A9004E2384 /* Products */ = {
			isa = PBXGroup;
			children = (
				22AD92851A92B1A9004E2384 /* TestNotification.app */,
				22AD929E1A92B1A9004E2384 /* TestNotificationTests.xctest */,
			);
			name = Products;
			sourceTree = "<group>";
		};
		22AD92871A92B1A9004E2384 /* TestNotification */ = {
			isa = PBXGroup;
			children = (
				22AD92AF1A92B1CE004E2384 /* viewcontroller */,
				22AD92AE1A92B1C8004E2384 /* util */,
				22AD928C1A92B1A9004E2384 /* AppDelegate.h */,
				22AD928D1A92B1A9004E2384 /* AppDelegate.m */,
				22AD92881A92B1A9004E2384 /* Supporting Files */,
			);
			path = TestNotification;
			sourceTree = "<group>";
		};
		22AD92881A92B1A9004E2384 /* Supporting Files */ = {
			isa = PBXGroup;
			children = (
				22AD92891A92B1A9004E2384 /* Info.plist */,
				22AD928A1A92B1A9004E2384 /* main.m */,
			);
			name = "Supporting Files";
			sourceTree = "<group>";
		};
		22AD92A11A92B1A9004E2384 /* TestNotificationTests */ = {
			isa = PBXGroup;
			children = (
				22AD92A41A92B1A9004E2384 /* TestNotificationTests.m */,
				22AD92A21A92B1A9004E2384 /* Supporting Files */,
			);
			path = TestNotificationTests;
			sourceTree = "<group>";
		};
		22AD92A21A92B1A9004E2384 /* Supporting Files */ = {
			isa = PBXGroup;
			children = (
				22AD92A31A92B1A9004E2384 /* Info.plist */,
			);
			name = "Supporting Files";
			sourceTree = "<group>";
		};
		22AD92AE1A92B1C8004E2384 /* util */ = {
			isa = PBXGroup;
			children = (
				22AD92B11A92B1E9004E2384 /* AutoLayout.h */,
				22AD92B21A92B1E9004E2384 /* AutoLayout.m */,
			);
			name = util;
			sourceTree = "<group>";
		};
		22AD92AF1A92B1CE004E2384 /* viewcontroller */ = {
			isa = PBXGroup;
			children = (
				22AD92B81A92B1E9004E2384 /* MyViewController.h */,
				22AD92B91A92B1E9004E2384 /* MyViewController.m */,
				22AD92B01A92B1D8004E2384 /* common */,
			);
			name = viewcontroller;
			sourceTree = "<group>";
		};
		22AD92B01A92B1D8004E2384 /* common */ = {
			isa = PBXGroup;
			children = (
				22AD92B31A92B1E9004E2384 /* EntityDetailViewController.h */,
				22AD92B41A92B1E9004E2384 /* EntityDetailViewController.m */,
				22AD92B51A92B1E9004E2384 /* EntityPersistent.h */,
				22AD92B61A92B1E9004E2384 /* ListPersistViewController.h */,
				22AD92B71A92B1E9004E2384 /* ListPersistViewController.m */,
				22AD92BA1A92B1E9004E2384 /* TextFieldCell.h */,
				22AD92BB1A92B1E9004E2384 /* TextFieldCell.m */,
			);
			name = common;
			sourceTree = "<group>";
		};
/* End PBXGroup section */

/* Begin PBXNativeTarget section */
		22AD92841A92B1A9004E2384 /* TestNotification */ = {
			isa = PBXNativeTarget;
			buildConfigurationList = 22AD92A81A92B1A9004E2384 /* Build configuration list for PBXNativeTarget "TestNotification" */;
			buildPhases = (
				22AD92811A92B1A9004E2384 /* Sources */,
				22AD92821A92B1A9004E2384 /* Frameworks */,
				22AD92831A92B1A9004E2384 /* Resources */,
			);
			buildRules = (
			);
			dependencies = (
			);
			name = TestNotification;
			productName = TestNotification;
			productReference = 22AD92851A92B1A9004E2384 /* TestNotification.app */;
			productType = "com.apple.product-type.application";
		};
		22AD929D1A92B1A9004E2384 /* TestNotificationTests */ = {
			isa = PBXNativeTarget;
			buildConfigurationList = 22AD92AB1A92B1A9004E2384 /* Build configuration list for PBXNativeTarget "TestNotificationTests" */;
			buildPhases = (
				22AD929A1A92B1A9004E2384 /* Sources */,
				22AD929B1A92B1A9004E2384 /* Frameworks */,
				22AD929C1A92B1A9004E2384 /* Resources */,
			);
			buildRules = (
			);
			dependencies = (
				22AD92A01A92B1A9004E2384 /* PBXTargetDependency */,
			);
			name = TestNotificationTests;
			productName = TestNotificationTests;
			productReference = 22AD929E1A92B1A9004E2384 /* TestNotificationTests.xctest */;
			productType = "com.apple.product-type.bundle.unit-test";
		};
/* End PBXNativeTarget section */

/* Begin PBXProject section */
		22AD927D1A92B1A9004E2384 /* Project object */ = {
			isa = PBXProject;
			attributes = {
				LastUpgradeCheck = 0610;
				ORGANIZATIONNAME = "Mauricio \"Maltron\" Leal";
				TargetAttributes = {
					22AD92841A92B1A9004E2384 = {
						CreatedOnToolsVersion = 6.1.1;
					};
					22AD929D1A92B1A9004E2384 = {
						CreatedOnToolsVersion = 6.1.1;
						TestTargetID = 22AD92841A92B1A9004E2384;
					};
				};
			};
			buildConfigurationList = 22AD92801A92B1A9004E2384 /* Build configuration list for PBXProject "TestNotification" */;
			compatibilityVersion = "Xcode 3.2";
			developmentRegion = English;
			hasScannedForEncodings = 0;
			knownRegions = (
				en,
				Base,
			);
			mainGroup = 22AD927C1A92B1A9004E2384;
			productRefGroup = 22AD92861A92B1A9004E2384 /* Products */;
			projectDirPath = "";
			projectRoot = "";
			targets = (
				22AD92841A92B1A9004E2384 /* TestNotification */,
				22AD929D1A92B1A9004E2384 /* TestNotificationTests */,
			);
		};
/* End PBXProject section */

/* Begin PBXResourcesBuildPhase section */
		22AD92831A92B1A9004E2384 /* Resources */ = {
			isa = PBXResourcesBuildPhase;
			buildActionMask = 2147483647;
			files = (
			);
			runOnlyForDeploymentPostprocessing = 0;
		};
		22AD929C1A92B1A9004E2384 /* Resources */ = {
			isa = PBXResourcesBuildPhase;
			buildActionMask = 2147483647;
			files = (
			);
			runOnlyForDeploymentPostprocessing = 0;
		};
/* End PBXResourcesBuildPhase section */

/* Begin PBXSourcesBuildPhase section */
		22AD92811A92B1A9004E2384 /* Sources */ = {
			isa = PBXSourcesBuildPhase;
			buildActionMask = 2147483647;
			files = (
				22AD92C01A92B1E9004E2384 /* TextFieldCell.m in Sources */,
				22AD92BF1A92B1E9004E2384 /* MyViewController.m in Sources */,
				22AD92BC1A92B1E9004E2384 /* AutoLayout.m in Sources */,
				22AD928E1A92B1A9004E2384 /* AppDelegate.m in Sources */,
				22AD92BD1A92B1E9004E2384 /* EntityDetailViewController.m in Sources */,
				22AD928B1A92B1A9004E2384 /* main.m in Sources */,
				22AD92BE1A92B1E9004E2384 /* ListPersistViewController.m in Sources */,
			);
			runOnlyForDeploymentPostprocessing = 0;
		};
		22AD929A1A92B1A9004E2384 /* Sources */ = {
			isa = PBXSourcesBuildPhase;
			buildActionMask = 2147483647;
			files = (
				22AD92A51A92B1A9004E2384 /* TestNotificationTests.m in Sources */,
			);
			runOnlyForDeploymentPostprocessing = 0;
		};
/* End PBXSourcesBuildPhase section */

/* Begin PBXTargetDependency section */
		22AD92A01A92B1A9004E2384 /* PBXTargetDependency */ = {
			isa = PBXTargetDependency;
			target = 22AD92841A92B1A9004E2384 /* TestNotification */;
			targetProxy = 22AD929F1A92B1A9004E2384 /* PBXContainerItemProxy */;
		};
/* End PBXTargetDependency section */

/* Begin XCBuildConfiguration section */
		22AD92A61A92B1A9004E2384 /* Debug */ = {
			isa = XCBuildConfiguration;
			buildSettings = {
				ALWAYS_SEARCH_USER_PATHS = NO;
				CLANG_CXX_LANGUAGE_STANDARD = "gnu++0x";
				CLANG_CXX_LIBRARY = "libc++";
				CLANG_ENABLE_MODULES = YES;
				CLANG_ENABLE_OBJC_ARC = YES;
				CLANG_WARN_BOOL_CONVERSION = YES;
				CLANG_WARN_CONSTANT_CONVERSION = YES;
				CLANG_WARN_DIRECT_OBJC_ISA_USAGE = YES_ERROR;
				CLANG_WARN_EMPTY_BODY = YES;
				CLANG_WARN_ENUM_CONVERSION = YES;
				CLANG_WARN_INT_CONVERSION = YES;
				CLANG_WARN_OBJC_ROOT_CLASS = YES_ERROR;
				CLANG_WARN_UNREACHABLE_CODE = YES;
				CLANG_WARN__DUPLICATE_METHOD_MATCH = YES;
				"CODE_SIGN_IDENTITY[sdk=iphoneos*]" = "iPhone Developer";
				COPY_PHASE_STRIP = NO;
				ENABLE_STRICT_OBJC_MSGSEND = YES;
				GCC_C_LANGUAGE_STANDARD = gnu99;
				GCC_DYNAMIC_NO_PIC = NO;
				GCC_OPTIMIZATION_LEVEL = 0;
				GCC_PREPROCESSOR_DEFINITIONS = (
					"DEBUG=1",
					"$(inherited)",
				);
				GCC_SYMBOLS_PRIVATE_EXTERN = NO;
				GCC_WARN_64_TO_32_BIT_CONVERSION = YES;
				GCC_WARN_ABOUT_RETURN_TYPE = YES_ERROR;
				GCC_WARN_UNDECLARED_SELECTOR = YES;
				GCC_WARN_UNINITIALIZED_AUTOS = YES_AGGRESSIVE;
				GCC_WARN_UNUSED_FUNCTION = YES;
				GCC_WARN_UNUSED_VARIABLE = YES;
				IPHONEOS_DEPLOYMENT_TARGET = 8.1;
				MTL_ENABLE_DEBUG_INFO = YES;
				ONLY_ACTIVE_ARCH = YES;
				SDKROOT = iphoneos;
			};
			name = Debug;
		};
		22AD92A71A92B1A9004E2384 /* Release */ = {
			isa = XCBuildConfiguration;
			buildSettings = {
				ALWAYS_SEARCH_USER_PATHS = NO;
				CLANG_CXX_LANGUAGE_STANDARD = "gnu++0x";
				CLANG_CXX_LIBRARY = "libc++";
				CLANG_ENABLE_MODULES = YES;
				CLANG_ENABLE_OBJC_ARC = YES;
				CLANG_WARN_BOOL_CONVERSION = YES;
				CLANG_WARN_CONSTANT_CONVERSION = YES;
				CLANG_WARN_DIRECT_OBJC_ISA_USAGE = YES_ERROR;
				CLANG_WARN_EMPTY_BODY = YES;
				CLANG_WARN_ENUM_CONVERSION = YES;
				CLANG_WARN_INT_CONVERSION = YES;
				CLANG_WARN_OBJC_ROOT_CLASS = YES_ERROR;
				CLANG_WARN_UNREACHABLE_CODE = YES;
				CLANG_WARN__DUPLICATE_METHOD_MATCH = YES;
				"CODE_SIGN_IDENTITY[sdk=iphoneos*]" = "iPhone Developer";
				COPY_PHASE_STRIP = YES;
				ENABLE_NS_ASSERTIONS = NO;
				ENABLE_STRICT_OBJC_MSGSEND = YES;
				GCC_C_LANGUAGE_STANDARD = gnu99;
				GCC_WARN_64_TO_32_BIT_CONVERSION = YES;
				GCC_WARN_ABOUT_RETURN_TYPE = YES_ERROR;
				GCC_WARN_UNDECLARED_SELECTOR = YES;
				GCC_WARN_UNINITIALIZED_AUTOS = YES_AGGRESSIVE;
				GCC_WARN_UNUSED_FUNCTION = YES;
				GCC_WARN_UNUSED_VARIABLE = YES;
				IPHONEOS_DEPLOYMENT_TARGET = 8.1;
				MTL_ENABLE_DEBUG_INFO = NO;
				SDKROOT = iphoneos;
				VALIDATE_PRODUCT = YES;
			};
			name = Release;
		};
		22AD92A91A92B1A9004E2384 /* Debug */ = {
			isa = XCBuildConfiguration;
			buildSettings = {
				ASSETCATALOG_COMPILER_APPICON_NAME = AppIcon;
				INFOPLIST_FILE = TestNotification/Info.plist;
				LD_RUNPATH_SEARCH_PATHS = "$(inherited) @executable_path/Frameworks";
				PRODUCT_NAME = "$(TARGET_NAME)";
			};
			name = Debug;
		};
		22AD92AA1A92B1A9004E2384 /* Release */ = {
			isa = XCBuildConfiguration;
			buildSettings = {
				ASSETCATALOG_COMPILER_APPICON_NAME = AppIcon;
				INFOPLIST_FILE = TestNotification/Info.plist;
				LD_RUNPATH_SEARCH_PATHS = "$(inherited) @executable_path/Frameworks";
				PRODUCT_NAME = "$(TARGET_NAME)";
			};
			name = Release;
		};
		22AD92AC1A92B1A9004E2384 /* Debug */ = {
			isa = XCBuildConfiguration;
			buildSettings = {
				BUNDLE_LOADER = "$(TEST_HOST)";
				FRAMEWORK_SEARCH_PATHS = (
					"$(SDKROOT)/Developer/Library/Frameworks",
					"$(inherited)",
				);
				GCC_PREPROCESSOR_DEFINITIONS = (
					"DEBUG=1",
					"$(inherited)",
				);
				INFOPLIST_FILE = TestNotificationTests/Info.plist;
				LD_RUNPATH_SEARCH_PATHS = "$(inherited) @executable_path/Frameworks @loader_path/Frameworks";
				PRODUCT_NAME = "$(TARGET_NAME)";
				TEST_HOST = "$(BUILT_PRODUCTS_DIR)/TestNotification.app/TestNotification";
			};
			name = Debug;
		};
		22AD92AD1A92B1A9004E2384 /* Release */ = {
			isa = XCBuildConfiguration;
			buildSettings = {
				BUNDLE_LOADER = "$(TEST_HOST)";
				FRAMEWORK_SEARCH_PATHS = (
					"$(SDKROOT)/Developer/Library/Frameworks",
					"$(inherited)",
				);
				INFOPLIST_FILE = TestNotificationTests/Info.plist;
				LD_RUNPATH_SEARCH_PATHS = "$(inherited) @executable_path/Frameworks @loader_path/Frameworks";
				PRODUCT_NAME = "$(TARGET_NAME)";
				TEST_HOST = "$(BUILT_PRODUCTS_DIR)/TestNotification.app/TestNotification";
			};
			name = Release;
		};
/* End XCBuildConfiguration section */

/* Begin XCConfigurationList section */
		22AD92801A92B1A9004E2384 /* Build configuration list for PBXProject "TestNotification" */ = {
			isa = XCConfigurationList;
			buildConfigurations = (
				22AD92A61A92B1A9004E2384 /* Debug */,
				22AD92A71A92B1A9004E2384 /* Release */,
			);
			defaultConfigurationIsVisible = 0;
			defaultConfigurationName = Release;
		};
		22AD92A81A92B1A9004E2384 /* Build configuration list for PBXNativeTarget "TestNotification" */ = {
			isa = XCConfigurationList;
			buildConfigurations = (
				22AD92A91A92B1A9004E2384 /* Debug */,
				22AD92AA1A92B1A9004E2384 /* Release */,
			);
			defaultConfigurationIsVisible = 0;
		};
		22AD92AB1A92B1A9004E2384 /* Build configuration list for PBXNativeTarget "TestNotificationTests" */ = {
			isa = XCConfigurationList;
			buildConfigurations = (
				22AD92AC1A92B1A9004E2384 /* Debug */,
				22AD92AD1A92B1A9004E2384 /* Release */,
			);
			defaultConfigurationIsVisible = 0;
		};
/* End XCConfigurationList section */
	};
	rootObject = 22AD927D1A92B1A9004E2384 /* Project object */;
}
