// !$*UTF8*$!
{
	archiveVersion = 1;
	classes = {
	};
	objectVersion = 46;
	objects = {

/* Begin PBXBuildFile section */
		22D744A71A657C2400FF5CF5 /* main.m in Sources */ = {isa = PBXBuildFile; fileRef = 22D744A61A657C2400FF5CF5 /* main.m */; };
		22D744AA1A657C2400FF5CF5 /* AppDelegate.m in Sources */ = {isa = PBXBuildFile; fileRef = 22D744A91A657C2400FF5CF5 /* AppDelegate.m */; };
		22D744C41A657C2400FF5CF5 /* SampleJSONTests.m in Sources */ = {isa = PBXBuildFile; fileRef = 22D744C31A657C2400FF5CF5 /* SampleJSONTests.m */; };
		22D744DC1A657CA700FF5CF5 /* AutoLayout.m in Sources */ = {isa = PBXBuildFile; fileRef = 22D744CE1A657CA700FF5CF5 /* AutoLayout.m */; };
		22D744DD1A657CA700FF5CF5 /* EntityDetailViewController.m in Sources */ = {isa = PBXBuildFile; fileRef = 22D744D01A657CA700FF5CF5 /* EntityDetailViewController.m */; };
		22D744DE1A657CA700FF5CF5 /* ListPersistViewController.m in Sources */ = {isa = PBXBuildFile; fileRef = 22D744D31A657CA700FF5CF5 /* ListPersistViewController.m */; };
		22D744DF1A657CA700FF5CF5 /* Model.xcdatamodeld in Sources */ = {isa = PBXBuildFile; fileRef = 22D744D41A657CA700FF5CF5 /* Model.xcdatamodeld */; };
		22D744E01A657CA700FF5CF5 /* MyViewController.m in Sources */ = {isa = PBXBuildFile; fileRef = 22D744D71A657CA700FF5CF5 /* MyViewController.m */; };
		22D744E11A657CA700FF5CF5 /* Person.m in Sources */ = {isa = PBXBuildFile; fileRef = 22D744D91A657CA700FF5CF5 /* Person.m */; };
		22D744E21A657CA700FF5CF5 /* TextFieldCell.m in Sources */ = {isa = PBXBuildFile; fileRef = 22D744DB1A657CA700FF5CF5 /* TextFieldCell.m */; };
/* End PBXBuildFile section */

/* Begin PBXContainerItemProxy section */
		22D744BE1A657C2400FF5CF5 /* PBXContainerItemProxy */ = {
			isa = PBXContainerItemProxy;
			containerPortal = 22D744991A657C2300FF5CF5 /* Project object */;
			proxyType = 1;
			remoteGlobalIDString = 22D744A01A657C2300FF5CF5;
			remoteInfo = SampleJSON;
		};
/* End PBXContainerItemProxy section */

/* Begin PBXFileReference section */
		22D744A11A657C2300FF5CF5 /* SampleJSON.app */ = {isa = PBXFileReference; explicitFileType = wrapper.application; includeInIndex = 0; path = SampleJSON.app; sourceTree = BUILT_PRODUCTS_DIR; };
		22D744A51A657C2400FF5CF5 /* Info.plist */ = {isa = PBXFileReference; lastKnownFileType = text.plist.xml; path = Info.plist; sourceTree = "<group>"; };
		22D744A61A657C2400FF5CF5 /* main.m */ = {isa = PBXFileReference; lastKnownFileType = sourcecode.c.objc; path = main.m; sourceTree = "<group>"; };
		22D744A81A657C2400FF5CF5 /* AppDelegate.h */ = {isa = PBXFileReference; lastKnownFileType = sourcecode.c.h; path = AppDelegate.h; sourceTree = "<group>"; };
		22D744A91A657C2400FF5CF5 /* AppDelegate.m */ = {isa = PBXFileReference; lastKnownFileType = sourcecode.c.objc; path = AppDelegate.m; sourceTree = "<group>"; };
		22D744BD1A657C2400FF5CF5 /* SampleJSONTests.xctest */ = {isa = PBXFileReference; explicitFileType = wrapper.cfbundle; includeInIndex = 0; path = SampleJSONTests.xctest; sourceTree = BUILT_PRODUCTS_DIR; };
		22D744C21A657C2400FF5CF5 /* Info.plist */ = {isa = PBXFileReference; lastKnownFileType = text.plist.xml; path = Info.plist; sourceTree = "<group>"; };
		22D744C31A657C2400FF5CF5 /* SampleJSONTests.m */ = {isa = PBXFileReference; lastKnownFileType = sourcecode.c.objc; path = SampleJSONTests.m; sourceTree = "<group>"; };
		22D744CD1A657CA700FF5CF5 /* AutoLayout.h */ = {isa = PBXFileReference; fileEncoding = 4; lastKnownFileType = sourcecode.c.h; path = AutoLayout.h; sourceTree = "<group>"; };
		22D744CE1A657CA700FF5CF5 /* AutoLayout.m */ = {isa = PBXFileReference; fileEncoding = 4; lastKnownFileType = sourcecode.c.objc; path = AutoLayout.m; sourceTree = "<group>"; };
		22D744CF1A657CA700FF5CF5 /* EntityDetailViewController.h */ = {isa = PBXFileReference; fileEncoding = 4; lastKnownFileType = sourcecode.c.h; path = EntityDetailViewController.h; sourceTree = "<group>"; };
		22D744D01A657CA700FF5CF5 /* EntityDetailViewController.m */ = {isa = PBXFileReference; fileEncoding = 4; lastKnownFileType = sourcecode.c.objc; path = EntityDetailViewController.m; sourceTree = "<group>"; };
		22D744D11A657CA700FF5CF5 /* EntityPersistent.h */ = {isa = PBXFileReference; fileEncoding = 4; lastKnownFileType = sourcecode.c.h; path = EntityPersistent.h; sourceTree = "<group>"; };
		22D744D21A657CA700FF5CF5 /* ListPersistViewController.h */ = {isa = PBXFileReference; fileEncoding = 4; lastKnownFileType = sourcecode.c.h; path = ListPersistViewController.h; sourceTree = "<group>"; };
		22D744D31A657CA700FF5CF5 /* ListPersistViewController.m */ = {isa = PBXFileReference; fileEncoding = 4; lastKnownFileType = sourcecode.c.objc; path = ListPersistViewController.m; sourceTree = "<group>"; };
		22D744D51A657CA700FF5CF5 /* Model.xcdatamodel */ = {isa = PBXFileReference; lastKnownFileType = wrapper.xcdatamodel; path = Model.xcdatamodel; sourceTree = "<group>"; };
		22D744D61A657CA700FF5CF5 /* MyViewController.h */ = {isa = PBXFileReference; fileEncoding = 4; lastKnownFileType = sourcecode.c.h; path = MyViewController.h; sourceTree = "<group>"; };
		22D744D71A657CA700FF5CF5 /* MyViewController.m */ = {isa = PBXFileReference; fileEncoding = 4; lastKnownFileType = sourcecode.c.objc; path = MyViewController.m; sourceTree = "<group>"; };
		22D744D81A657CA700FF5CF5 /* Person.h */ = {isa = PBXFileReference; fileEncoding = 4; lastKnownFileType = sourcecode.c.h; path = Person.h; sourceTree = "<group>"; };
		22D744D91A657CA700FF5CF5 /* Person.m */ = {isa = PBXFileReference; fileEncoding = 4; lastKnownFileType = sourcecode.c.objc; path = Person.m; sourceTree = "<group>"; };
		22D744DA1A657CA700FF5CF5 /* TextFieldCell.h */ = {isa = PBXFileReference; fileEncoding = 4; lastKnownFileType = sourcecode.c.h; path = TextFieldCell.h; sourceTree = "<group>"; };
		22D744DB1A657CA700FF5CF5 /* TextFieldCell.m */ = {isa = PBXFileReference; fileEncoding = 4; lastKnownFileType = sourcecode.c.objc; path = TextFieldCell.m; sourceTree = "<group>"; };
/* End PBXFileReference section */

/* Begin PBXFrameworksBuildPhase section */
		22D7449E1A657C2300FF5CF5 /* Frameworks */ = {
			isa = PBXFrameworksBuildPhase;
			buildActionMask = 2147483647;
			files = (
			);
			runOnlyForDeploymentPostprocessing = 0;
		};
		22D744BA1A657C2400FF5CF5 /* Frameworks */ = {
			isa = PBXFrameworksBuildPhase;
			buildActionMask = 2147483647;
			files = (
			);
			runOnlyForDeploymentPostprocessing = 0;
		};
/* End PBXFrameworksBuildPhase section */

/* Begin PBXGroup section */
		22D744981A657C2300FF5CF5 = {
			isa = PBXGroup;
			children = (
				22D744A31A657C2300FF5CF5 /* SampleJSON */,
				22D744C01A657C2400FF5CF5 /* SampleJSONTests */,
				22D744A21A657C2300FF5CF5 /* Products */,
			);
			sourceTree = "<group>";
		};
		22D744A21A657C2300FF5CF5 /* Products */ = {
			isa = PBXGroup;
			children = (
				22D744A11A657C2300FF5CF5 /* SampleJSON.app */,
				22D744BD1A657C2400FF5CF5 /* SampleJSONTests.xctest */,
			);
			name = Products;
			sourceTree = "<group>";
		};
		22D744A31A657C2300FF5CF5 /* SampleJSON */ = {
			isa = PBXGroup;
			children = (
				22D744E61A657CCC00FF5CF5 /* model */,
				22D744E41A657CAF00FF5CF5 /* viewcontroller */,
				22D744E31A657CAC00FF5CF5 /* util */,
				22D744D61A657CA700FF5CF5 /* MyViewController.h */,
				22D744D71A657CA700FF5CF5 /* MyViewController.m */,
				22D744A81A657C2400FF5CF5 /* AppDelegate.h */,
				22D744A91A657C2400FF5CF5 /* AppDelegate.m */,
				22D744A41A657C2400FF5CF5 /* Supporting Files */,
			);
			path = SampleJSON;
			sourceTree = "<group>";
		};
		22D744A41A657C2400FF5CF5 /* Supporting Files */ = {
			isa = PBXGroup;
			children = (
				22D744A51A657C2400FF5CF5 /* Info.plist */,
				22D744A61A657C2400FF5CF5 /* main.m */,
			);
			name = "Supporting Files";
			sourceTree = "<group>";
		};
		22D744C01A657C2400FF5CF5 /* SampleJSONTests */ = {
			isa = PBXGroup;
			children = (
				22D744C31A657C2400FF5CF5 /* SampleJSONTests.m */,
				22D744C11A657C2400FF5CF5 /* Supporting Files */,
			);
			path = SampleJSONTests;
			sourceTree = "<group>";
		};
		22D744C11A657C2400FF5CF5 /* Supporting Files */ = {
			isa = PBXGroup;
			children = (
				22D744C21A657C2400FF5CF5 /* Info.plist */,
			);
			name = "Supporting Files";
			sourceTree = "<group>";
		};
		22D744E31A657CAC00FF5CF5 /* util */ = {
			isa = PBXGroup;
			children = (
				22D744CD1A657CA700FF5CF5 /* AutoLayout.h */,
				22D744CE1A657CA700FF5CF5 /* AutoLayout.m */,
			);
			name = util;
			sourceTree = "<group>";
		};
		22D744E41A657CAF00FF5CF5 /* viewcontroller */ = {
			isa = PBXGroup;
			children = (
				22D744E51A657CB500FF5CF5 /* common */,
			);
			name = viewcontroller;
			sourceTree = "<group>";
		};
		22D744E51A657CB500FF5CF5 /* common */ = {
			isa = PBXGroup;
			children = (
				22D744CF1A657CA700FF5CF5 /* EntityDetailViewController.h */,
				22D744D01A657CA700FF5CF5 /* EntityDetailViewController.m */,
				22D744D11A657CA700FF5CF5 /* EntityPersistent.h */,
				22D744D21A657CA700FF5CF5 /* ListPersistViewController.h */,
				22D744D31A657CA700FF5CF5 /* ListPersistViewController.m */,
				22D744DA1A657CA700FF5CF5 /* TextFieldCell.h */,
				22D744DB1A657CA700FF5CF5 /* TextFieldCell.m */,
			);
			name = common;
			sourceTree = "<group>";
		};
		22D744E61A657CCC00FF5CF5 /* model */ = {
			isa = PBXGroup;
			children = (
				22D744D81A657CA700FF5CF5 /* Person.h */,
				22D744D91A657CA700FF5CF5 /* Person.m */,
				22D744D41A657CA700FF5CF5 /* Model.xcdatamodeld */,
			);
			name = model;
			sourceTree = "<group>";
		};
/* End PBXGroup section */

/* Begin PBXNativeTarget section */
		22D744A01A657C2300FF5CF5 /* SampleJSON */ = {
			isa = PBXNativeTarget;
			buildConfigurationList = 22D744C71A657C2400FF5CF5 /* Build configuration list for PBXNativeTarget "SampleJSON" */;
			buildPhases = (
				22D7449D1A657C2300FF5CF5 /* Sources */,
				22D7449E1A657C2300FF5CF5 /* Frameworks */,
				22D7449F1A657C2300FF5CF5 /* Resources */,
			);
			buildRules = (
			);
			dependencies = (
			);
			name = SampleJSON;
			productName = SampleJSON;
			productReference = 22D744A11A657C2300FF5CF5 /* SampleJSON.app */;
			productType = "com.apple.product-type.application";
		};
		22D744BC1A657C2400FF5CF5 /* SampleJSONTests */ = {
			isa = PBXNativeTarget;
			buildConfigurationList = 22D744CA1A657C2400FF5CF5 /* Build configuration list for PBXNativeTarget "SampleJSONTests" */;
			buildPhases = (
				22D744B91A657C2400FF5CF5 /* Sources */,
				22D744BA1A657C2400FF5CF5 /* Frameworks */,
				22D744BB1A657C2400FF5CF5 /* Resources */,
			);
			buildRules = (
			);
			dependencies = (
				22D744BF1A657C2400FF5CF5 /* PBXTargetDependency */,
			);
			name = SampleJSONTests;
			productName = SampleJSONTests;
			productReference = 22D744BD1A657C2400FF5CF5 /* SampleJSONTests.xctest */;
			productType = "com.apple.product-type.bundle.unit-test";
		};
/* End PBXNativeTarget section */

/* Begin PBXProject section */
		22D744991A657C2300FF5CF5 /* Project object */ = {
			isa = PBXProject;
			attributes = {
				LastUpgradeCheck = 0610;
				ORGANIZATIONNAME = "Mauricio \"Maltron\" Leal";
				TargetAttributes = {
					22D744A01A657C2300FF5CF5 = {
						CreatedOnToolsVersion = 6.1.1;
					};
					22D744BC1A657C2400FF5CF5 = {
						CreatedOnToolsVersion = 6.1.1;
						TestTargetID = 22D744A01A657C2300FF5CF5;
					};
				};
			};
			buildConfigurationList = 22D7449C1A657C2300FF5CF5 /* Build configuration list for PBXProject "SampleJSON" */;
			compatibilityVersion = "Xcode 3.2";
			developmentRegion = English;
			hasScannedForEncodings = 0;
			knownRegions = (
				en,
				Base,
			);
			mainGroup = 22D744981A657C2300FF5CF5;
			productRefGroup = 22D744A21A657C2300FF5CF5 /* Products */;
			projectDirPath = "";
			projectRoot = "";
			targets = (
				22D744A01A657C2300FF5CF5 /* SampleJSON */,
				22D744BC1A657C2400FF5CF5 /* SampleJSONTests */,
			);
		};
/* End PBXProject section */

/* Begin PBXResourcesBuildPhase section */
		22D7449F1A657C2300FF5CF5 /* Resources */ = {
			isa = PBXResourcesBuildPhase;
			buildActionMask = 2147483647;
			files = (
			);
			runOnlyForDeploymentPostprocessing = 0;
		};
		22D744BB1A657C2400FF5CF5 /* Resources */ = {
			isa = PBXResourcesBuildPhase;
			buildActionMask = 2147483647;
			files = (
			);
			runOnlyForDeploymentPostprocessing = 0;
		};
/* End PBXResourcesBuildPhase section */

/* Begin PBXSourcesBuildPhase section */
		22D7449D1A657C2300FF5CF5 /* Sources */ = {
			isa = PBXSourcesBuildPhase;
			buildActionMask = 2147483647;
			files = (
				22D744DC1A657CA700FF5CF5 /* AutoLayout.m in Sources */,
				22D744AA1A657C2400FF5CF5 /* AppDelegate.m in Sources */,
				22D744E11A657CA700FF5CF5 /* Person.m in Sources */,
				22D744DD1A657CA700FF5CF5 /* EntityDetailViewController.m in Sources */,
				22D744A71A657C2400FF5CF5 /* main.m in Sources */,
				22D744DE1A657CA700FF5CF5 /* ListPersistViewController.m in Sources */,
				22D744E21A657CA700FF5CF5 /* TextFieldCell.m in Sources */,
				22D744DF1A657CA700FF5CF5 /* Model.xcdatamodeld in Sources */,
				22D744E01A657CA700FF5CF5 /* MyViewController.m in Sources */,
			);
			runOnlyForDeploymentPostprocessing = 0;
		};
		22D744B91A657C2400FF5CF5 /* Sources */ = {
			isa = PBXSourcesBuildPhase;
			buildActionMask = 2147483647;
			files = (
				22D744C41A657C2400FF5CF5 /* SampleJSONTests.m in Sources */,
			);
			runOnlyForDeploymentPostprocessing = 0;
		};
/* End PBXSourcesBuildPhase section */

/* Begin PBXTargetDependency section */
		22D744BF1A657C2400FF5CF5 /* PBXTargetDependency */ = {
			isa = PBXTargetDependency;
			target = 22D744A01A657C2300FF5CF5 /* SampleJSON */;
			targetProxy = 22D744BE1A657C2400FF5CF5 /* PBXContainerItemProxy */;
		};
/* End PBXTargetDependency section */

/* Begin XCBuildConfiguration section */
		22D744C51A657C2400FF5CF5 /* Debug */ = {
			isa = XCBuildConfiguration;
			buildSettings = {
				ALWAYS_SEARCH_USER_PATHS = NO;
				CLANG_CXX_LANGUAGE_STANDARD = "gnu++0x";
				CLANG_CXX_LIBRARY = "libc++";
				CLANG_ENABLE_MODULES = YES;
				CLANG_ENABLE_OBJC_ARC = YES;
				CLANG_WARN_BOOL_CONVERSION = YES;
				CLANG_WARN_CONSTANT_CONVERSION = YES;
				CLANG_WARN_DIRECT_OBJC_ISA_USAGE = YES_ERROR;
				CLANG_WARN_EMPTY_BODY = YES;
				CLANG_WARN_ENUM_CONVERSION = YES;
				CLANG_WARN_INT_CONVERSION = YES;
				CLANG_WARN_OBJC_ROOT_CLASS = YES_ERROR;
				CLANG_WARN_UNREACHABLE_CODE = YES;
				CLANG_WARN__DUPLICATE_METHOD_MATCH = YES;
				"CODE_SIGN_IDENTITY[sdk=iphoneos*]" = "iPhone Developer";
				COPY_PHASE_STRIP = NO;
				ENABLE_STRICT_OBJC_MSGSEND = YES;
				GCC_C_LANGUAGE_STANDARD = gnu99;
				GCC_DYNAMIC_NO_PIC = NO;
				GCC_OPTIMIZATION_LEVEL = 0;
				GCC_PREPROCESSOR_DEFINITIONS = (
					"DEBUG=1",
					"$(inherited)",
				);
				GCC_SYMBOLS_PRIVATE_EXTERN = NO;
				GCC_WARN_64_TO_32_BIT_CONVERSION = YES;
				GCC_WARN_ABOUT_RETURN_TYPE = YES_ERROR;
				GCC_WARN_UNDECLARED_SELECTOR = YES;
				GCC_WARN_UNINITIALIZED_AUTOS = YES_AGGRESSIVE;
				GCC_WARN_UNUSED_FUNCTION = YES;
				GCC_WARN_UNUSED_VARIABLE = YES;
				IPHONEOS_DEPLOYMENT_TARGET = 8.1;
				MTL_ENABLE_DEBUG_INFO = YES;
				ONLY_ACTIVE_ARCH = YES;
				SDKROOT = iphoneos;
			};
			name = Debug;
		};
		22D744C61A657C2400FF5CF5 /* Release */ = {
			isa = XCBuildConfiguration;
			buildSettings = {
				ALWAYS_SEARCH_USER_PATHS = NO;
				CLANG_CXX_LANGUAGE_STANDARD = "gnu++0x";
				CLANG_CXX_LIBRARY = "libc++";
				CLANG_ENABLE_MODULES = YES;
				CLANG_ENABLE_OBJC_ARC = YES;
				CLANG_WARN_BOOL_CONVERSION = YES;
				CLANG_WARN_CONSTANT_CONVERSION = YES;
				CLANG_WARN_DIRECT_OBJC_ISA_USAGE = YES_ERROR;
				CLANG_WARN_EMPTY_BODY = YES;
				CLANG_WARN_ENUM_CONVERSION = YES;
				CLANG_WARN_INT_CONVERSION = YES;
				CLANG_WARN_OBJC_ROOT_CLASS = YES_ERROR;
				CLANG_WARN_UNREACHABLE_CODE = YES;
				CLANG_WARN__DUPLICATE_METHOD_MATCH = YES;
				"CODE_SIGN_IDENTITY[sdk=iphoneos*]" = "iPhone Developer";
				COPY_PHASE_STRIP = YES;
				ENABLE_NS_ASSERTIONS = NO;
				ENABLE_STRICT_OBJC_MSGSEND = YES;
				GCC_C_LANGUAGE_STANDARD = gnu99;
				GCC_WARN_64_TO_32_BIT_CONVERSION = YES;
				GCC_WARN_ABOUT_RETURN_TYPE = YES_ERROR;
				GCC_WARN_UNDECLARED_SELECTOR = YES;
				GCC_WARN_UNINITIALIZED_AUTOS = YES_AGGRESSIVE;
				GCC_WARN_UNUSED_FUNCTION = YES;
				GCC_WARN_UNUSED_VARIABLE = YES;
				IPHONEOS_DEPLOYMENT_TARGET = 8.1;
				MTL_ENABLE_DEBUG_INFO = NO;
				SDKROOT = iphoneos;
				VALIDATE_PRODUCT = YES;
			};
			name = Release;
		};
		22D744C81A657C2400FF5CF5 /* Debug */ = {
			isa = XCBuildConfiguration;
			buildSettings = {
				ASSETCATALOG_COMPILER_APPICON_NAME = AppIcon;
				INFOPLIST_FILE = SampleJSON/Info.plist;
				LD_RUNPATH_SEARCH_PATHS = "$(inherited) @executable_path/Frameworks";
				PRODUCT_NAME = "$(TARGET_NAME)";
			};
			name = Debug;
		};
		22D744C91A657C2400FF5CF5 /* Release */ = {
			isa = XCBuildConfiguration;
			buildSettings = {
				ASSETCATALOG_COMPILER_APPICON_NAME = AppIcon;
				INFOPLIST_FILE = SampleJSON/Info.plist;
				LD_RUNPATH_SEARCH_PATHS = "$(inherited) @executable_path/Frameworks";
				PRODUCT_NAME = "$(TARGET_NAME)";
			};
			name = Release;
		};
		22D744CB1A657C2400FF5CF5 /* Debug */ = {
			isa = XCBuildConfiguration;
			buildSettings = {
				BUNDLE_LOADER = "$(TEST_HOST)";
				FRAMEWORK_SEARCH_PATHS = (
					"$(SDKROOT)/Developer/Library/Frameworks",
					"$(inherited)",
				);
				GCC_PREPROCESSOR_DEFINITIONS = (
					"DEBUG=1",
					"$(inherited)",
				);
				INFOPLIST_FILE = SampleJSONTests/Info.plist;
				LD_RUNPATH_SEARCH_PATHS = "$(inherited) @executable_path/Frameworks @loader_path/Frameworks";
				PRODUCT_NAME = "$(TARGET_NAME)";
				TEST_HOST = "$(BUILT_PRODUCTS_DIR)/SampleJSON.app/SampleJSON";
			};
			name = Debug;
		};
		22D744CC1A657C2400FF5CF5 /* Release */ = {
			isa = XCBuildConfiguration;
			buildSettings = {
				BUNDLE_LOADER = "$(TEST_HOST)";
				FRAMEWORK_SEARCH_PATHS = (
					"$(SDKROOT)/Developer/Library/Frameworks",
					"$(inherited)",
				);
				INFOPLIST_FILE = SampleJSONTests/Info.plist;
				LD_RUNPATH_SEARCH_PATHS = "$(inherited) @executable_path/Frameworks @loader_path/Frameworks";
				PRODUCT_NAME = "$(TARGET_NAME)";
				TEST_HOST = "$(BUILT_PRODUCTS_DIR)/SampleJSON.app/SampleJSON";
			};
			name = Release;
		};
/* End XCBuildConfiguration section */

/* Begin XCConfigurationList section */
		22D7449C1A657C2300FF5CF5 /* Build configuration list for PBXProject "SampleJSON" */ = {
			isa = XCConfigurationList;
			buildConfigurations = (
				22D744C51A657C2400FF5CF5 /* Debug */,
				22D744C61A657C2400FF5CF5 /* Release */,
			);
			defaultConfigurationIsVisible = 0;
			defaultConfigurationName = Release;
		};
		22D744C71A657C2400FF5CF5 /* Build configuration list for PBXNativeTarget "SampleJSON" */ = {
			isa = XCConfigurationList;
			buildConfigurations = (
				22D744C81A657C2400FF5CF5 /* Debug */,
				22D744C91A657C2400FF5CF5 /* Release */,
			);
			defaultConfigurationIsVisible = 0;
		};
		22D744CA1A657C2400FF5CF5 /* Build configuration list for PBXNativeTarget "SampleJSONTests" */ = {
			isa = XCConfigurationList;
			buildConfigurations = (
				22D744CB1A657C2400FF5CF5 /* Debug */,
				22D744CC1A657C2400FF5CF5 /* Release */,
			);
			defaultConfigurationIsVisible = 0;
		};
/* End XCConfigurationList section */

/* Begin XCVersionGroup section */
		22D744D41A657CA700FF5CF5 /* Model.xcdatamodeld */ = {
			isa = XCVersionGroup;
			children = (
				22D744D51A657CA700FF5CF5 /* Model.xcdatamodel */,
			);
			currentVersion = 22D744D51A657CA700FF5CF5 /* Model.xcdatamodel */;
			path = Model.xcdatamodeld;
			sourceTree = "<group>";
			versionGroupType = wrapper.xcdatamodel;
		};
/* End XCVersionGroup section */
	};
	rootObject = 22D744991A657C2300FF5CF5 /* Project object */;
}
