// !$*UTF8*$!
{
	archiveVersion = 1;
	classes = {
	};
	objectVersion = 46;
	objects = {

/* Begin PBXBuildFile section */
		221AE14D1AAE4D3B0040A9D8 /* main.m in Sources */ = {isa = PBXBuildFile; fileRef = 221AE14C1AAE4D3B0040A9D8 /* main.m */; };
		221AE1671AAE4D3B0040A9D8 /* HelloWorldTests.m in Sources */ = {isa = PBXBuildFile; fileRef = 221AE1661AAE4D3B0040A9D8 /* HelloWorldTests.m */; };
/* End PBXBuildFile section */

/* Begin PBXContainerItemProxy section */
		221AE1611AAE4D3B0040A9D8 /* PBXContainerItemProxy */ = {
			isa = PBXContainerItemProxy;
			containerPortal = 221AE13F1AAE4D3B0040A9D8 /* Project object */;
			proxyType = 1;
			remoteGlobalIDString = 221AE1461AAE4D3B0040A9D8;
			remoteInfo = HelloWorld;
		};
/* End PBXContainerItemProxy section */

/* Begin PBXFileReference section */
		221AE1471AAE4D3B0040A9D8 /* HelloWorld.app */ = {isa = PBXFileReference; explicitFileType = wrapper.application; includeInIndex = 0; path = HelloWorld.app; sourceTree = BUILT_PRODUCTS_DIR; };
		221AE14B1AAE4D3B0040A9D8 /* Info.plist */ = {isa = PBXFileReference; lastKnownFileType = text.plist.xml; path = Info.plist; sourceTree = "<group>"; };
		221AE14C1AAE4D3B0040A9D8 /* main.m */ = {isa = PBXFileReference; lastKnownFileType = sourcecode.c.objc; path = main.m; sourceTree = "<group>"; };
		221AE1601AAE4D3B0040A9D8 /* HelloWorldTests.xctest */ = {isa = PBXFileReference; explicitFileType = wrapper.cfbundle; includeInIndex = 0; path = HelloWorldTests.xctest; sourceTree = BUILT_PRODUCTS_DIR; };
		221AE1651AAE4D3B0040A9D8 /* Info.plist */ = {isa = PBXFileReference; lastKnownFileType = text.plist.xml; path = Info.plist; sourceTree = "<group>"; };
		221AE1661AAE4D3B0040A9D8 /* HelloWorldTests.m */ = {isa = PBXFileReference; lastKnownFileType = sourcecode.c.objc; path = HelloWorldTests.m; sourceTree = "<group>"; };
/* End PBXFileReference section */

/* Begin PBXFrameworksBuildPhase section */
		221AE1441AAE4D3B0040A9D8 /* Frameworks */ = {
			isa = PBXFrameworksBuildPhase;
			buildActionMask = 2147483647;
			files = (
			);
			runOnlyForDeploymentPostprocessing = 0;
		};
		221AE15D1AAE4D3B0040A9D8 /* Frameworks */ = {
			isa = PBXFrameworksBuildPhase;
			buildActionMask = 2147483647;
			files = (
			);
			runOnlyForDeploymentPostprocessing = 0;
		};
/* End PBXFrameworksBuildPhase section */

/* Begin PBXGroup section */
		221AE13E1AAE4D3B0040A9D8 = {
			isa = PBXGroup;
			children = (
				221AE1491AAE4D3B0040A9D8 /* HelloWorld */,
				221AE1631AAE4D3B0040A9D8 /* HelloWorldTests */,
				221AE1481AAE4D3B0040A9D8 /* Products */,
			);
			sourceTree = "<group>";
		};
		221AE1481AAE4D3B0040A9D8 /* Products */ = {
			isa = PBXGroup;
			children = (
				221AE1471AAE4D3B0040A9D8 /* HelloWorld.app */,
				221AE1601AAE4D3B0040A9D8 /* HelloWorldTests.xctest */,
			);
			name = Products;
			sourceTree = "<group>";
		};
		221AE1491AAE4D3B0040A9D8 /* HelloWorld */ = {
			isa = PBXGroup;
			children = (
				221AE14A1AAE4D3B0040A9D8 /* Supporting Files */,
			);
			path = HelloWorld;
			sourceTree = "<group>";
		};
		221AE14A1AAE4D3B0040A9D8 /* Supporting Files */ = {
			isa = PBXGroup;
			children = (
				221AE14B1AAE4D3B0040A9D8 /* Info.plist */,
				221AE14C1AAE4D3B0040A9D8 /* main.m */,
			);
			name = "Supporting Files";
			sourceTree = "<group>";
		};
		221AE1631AAE4D3B0040A9D8 /* HelloWorldTests */ = {
			isa = PBXGroup;
			children = (
				221AE1661AAE4D3B0040A9D8 /* HelloWorldTests.m */,
				221AE1641AAE4D3B0040A9D8 /* Supporting Files */,
			);
			path = HelloWorldTests;
			sourceTree = "<group>";
		};
		221AE1641AAE4D3B0040A9D8 /* Supporting Files */ = {
			isa = PBXGroup;
			children = (
				221AE1651AAE4D3B0040A9D8 /* Info.plist */,
			);
			name = "Supporting Files";
			sourceTree = "<group>";
		};
/* End PBXGroup section */

/* Begin PBXNativeTarget section */
		221AE1461AAE4D3B0040A9D8 /* HelloWorld */ = {
			isa = PBXNativeTarget;
			buildConfigurationList = 221AE16A1AAE4D3B0040A9D8 /* Build configuration list for PBXNativeTarget "HelloWorld" */;
			buildPhases = (
				221AE1431AAE4D3B0040A9D8 /* Sources */,
				221AE1441AAE4D3B0040A9D8 /* Frameworks */,
				221AE1451AAE4D3B0040A9D8 /* Resources */,
			);
			buildRules = (
			);
			dependencies = (
			);
			name = HelloWorld;
			productName = HelloWorld;
			productReference = 221AE1471AAE4D3B0040A9D8 /* HelloWorld.app */;
			productType = "com.apple.product-type.application";
		};
		221AE15F1AAE4D3B0040A9D8 /* HelloWorldTests */ = {
			isa = PBXNativeTarget;
			buildConfigurationList = 221AE16D1AAE4D3B0040A9D8 /* Build configuration list for PBXNativeTarget "HelloWorldTests" */;
			buildPhases = (
				221AE15C1AAE4D3B0040A9D8 /* Sources */,
				221AE15D1AAE4D3B0040A9D8 /* Frameworks */,
				221AE15E1AAE4D3B0040A9D8 /* Resources */,
			);
			buildRules = (
			);
			dependencies = (
				221AE1621AAE4D3B0040A9D8 /* PBXTargetDependency */,
			);
			name = HelloWorldTests;
			productName = HelloWorldTests;
			productReference = 221AE1601AAE4D3B0040A9D8 /* HelloWorldTests.xctest */;
			productType = "com.apple.product-type.bundle.unit-test";
		};
/* End PBXNativeTarget section */

/* Begin PBXProject section */
		221AE13F1AAE4D3B0040A9D8 /* Project object */ = {
			isa = PBXProject;
			attributes = {
				LastUpgradeCheck = 0610;
				ORGANIZATIONNAME = "Mauricio \"Maltron\" Leal";
				TargetAttributes = {
					221AE1461AAE4D3B0040A9D8 = {
						CreatedOnToolsVersion = 6.1.1;
					};
					221AE15F1AAE4D3B0040A9D8 = {
						CreatedOnToolsVersion = 6.1.1;
						TestTargetID = 221AE1461AAE4D3B0040A9D8;
					};
				};
			};
			buildConfigurationList = 221AE1421AAE4D3B0040A9D8 /* Build configuration list for PBXProject "HelloWorld" */;
			compatibilityVersion = "Xcode 3.2";
			developmentRegion = English;
			hasScannedForEncodings = 0;
			knownRegions = (
				en,
				Base,
			);
			mainGroup = 221AE13E1AAE4D3B0040A9D8;
			productRefGroup = 221AE1481AAE4D3B0040A9D8 /* Products */;
			projectDirPath = "";
			projectRoot = "";
			targets = (
				221AE1461AAE4D3B0040A9D8 /* HelloWorld */,
				221AE15F1AAE4D3B0040A9D8 /* HelloWorldTests */,
			);
		};
/* End PBXProject section */

/* Begin PBXResourcesBuildPhase section */
		221AE1451AAE4D3B0040A9D8 /* Resources */ = {
			isa = PBXResourcesBuildPhase;
			buildActionMask = 2147483647;
			files = (
			);
			runOnlyForDeploymentPostprocessing = 0;
		};
		221AE15E1AAE4D3B0040A9D8 /* Resources */ = {
			isa = PBXResourcesBuildPhase;
			buildActionMask = 2147483647;
			files = (
			);
			runOnlyForDeploymentPostprocessing = 0;
		};
/* End PBXResourcesBuildPhase section */

/* Begin PBXSourcesBuildPhase section */
		221AE1431AAE4D3B0040A9D8 /* Sources */ = {
			isa = PBXSourcesBuildPhase;
			buildActionMask = 2147483647;
			files = (
				221AE14D1AAE4D3B0040A9D8 /* main.m in Sources */,
			);
			runOnlyForDeploymentPostprocessing = 0;
		};
		221AE15C1AAE4D3B0040A9D8 /* Sources */ = {
			isa = PBXSourcesBuildPhase;
			buildActionMask = 2147483647;
			files = (
				221AE1671AAE4D3B0040A9D8 /* HelloWorldTests.m in Sources */,
			);
			runOnlyForDeploymentPostprocessing = 0;
		};
/* End PBXSourcesBuildPhase section */

/* Begin PBXTargetDependency section */
		221AE1621AAE4D3B0040A9D8 /* PBXTargetDependency */ = {
			isa = PBXTargetDependency;
			target = 221AE1461AAE4D3B0040A9D8 /* HelloWorld */;
			targetProxy = 221AE1611AAE4D3B0040A9D8 /* PBXContainerItemProxy */;
		};
/* End PBXTargetDependency section */

/* Begin XCBuildConfiguration section */
		221AE1681AAE4D3B0040A9D8 /* Debug */ = {
			isa = XCBuildConfiguration;
			buildSettings = {
				ALWAYS_SEARCH_USER_PATHS = NO;
				CLANG_CXX_LANGUAGE_STANDARD = "gnu++0x";
				CLANG_CXX_LIBRARY = "libc++";
				CLANG_ENABLE_MODULES = YES;
				CLANG_ENABLE_OBJC_ARC = YES;
				CLANG_WARN_BOOL_CONVERSION = YES;
				CLANG_WARN_CONSTANT_CONVERSION = YES;
				CLANG_WARN_DIRECT_OBJC_ISA_USAGE = YES_ERROR;
				CLANG_WARN_EMPTY_BODY = YES;
				CLANG_WARN_ENUM_CONVERSION = YES;
				CLANG_WARN_INT_CONVERSION = YES;
				CLANG_WARN_OBJC_ROOT_CLASS = YES_ERROR;
				CLANG_WARN_UNREACHABLE_CODE = YES;
				CLANG_WARN__DUPLICATE_METHOD_MATCH = YES;
				"CODE_SIGN_IDENTITY[sdk=iphoneos*]" = "iPhone Developer";
				COPY_PHASE_STRIP = NO;
				ENABLE_STRICT_OBJC_MSGSEND = YES;
				GCC_C_LANGUAGE_STANDARD = gnu99;
				GCC_DYNAMIC_NO_PIC = NO;
				GCC_OPTIMIZATION_LEVEL = 0;
				GCC_PREPROCESSOR_DEFINITIONS = (
					"DEBUG=1",
					"$(inherited)",
				);
				GCC_SYMBOLS_PRIVATE_EXTERN = NO;
				GCC_WARN_64_TO_32_BIT_CONVERSION = YES;
				GCC_WARN_ABOUT_RETURN_TYPE = YES_ERROR;
				GCC_WARN_UNDECLARED_SELECTOR = YES;
				GCC_WARN_UNINITIALIZED_AUTOS = YES_AGGRESSIVE;
				GCC_WARN_UNUSED_FUNCTION = YES;
				GCC_WARN_UNUSED_VARIABLE = YES;
				IPHONEOS_DEPLOYMENT_TARGET = 8.1;
				MTL_ENABLE_DEBUG_INFO = YES;
				ONLY_ACTIVE_ARCH = YES;
				SDKROOT = iphoneos;
			};
			name = Debug;
		};
		221AE1691AAE4D3B0040A9D8 /* Release */ = {
			isa = XCBuildConfiguration;
			buildSettings = {
				ALWAYS_SEARCH_USER_PATHS = NO;
				CLANG_CXX_LANGUAGE_STANDARD = "gnu++0x";
				CLANG_CXX_LIBRARY = "libc++";
				CLANG_ENABLE_MODULES = YES;
				CLANG_ENABLE_OBJC_ARC = YES;
				CLANG_WARN_BOOL_CONVERSION = YES;
				CLANG_WARN_CONSTANT_CONVERSION = YES;
				CLANG_WARN_DIRECT_OBJC_ISA_USAGE = YES_ERROR;
				CLANG_WARN_EMPTY_BODY = YES;
				CLANG_WARN_ENUM_CONVERSION = YES;
				CLANG_WARN_INT_CONVERSION = YES;
				CLANG_WARN_OBJC_ROOT_CLASS = YES_ERROR;
				CLANG_WARN_UNREACHABLE_CODE = YES;
				CLANG_WARN__DUPLICATE_METHOD_MATCH = YES;
				"CODE_SIGN_IDENTITY[sdk=iphoneos*]" = "iPhone Developer";
				COPY_PHASE_STRIP = YES;
				ENABLE_NS_ASSERTIONS = NO;
				ENABLE_STRICT_OBJC_MSGSEND = YES;
				GCC_C_LANGUAGE_STANDARD = gnu99;
				GCC_WARN_64_TO_32_BIT_CONVERSION = YES;
				GCC_WARN_ABOUT_RETURN_TYPE = YES_ERROR;
				GCC_WARN_UNDECLARED_SELECTOR = YES;
				GCC_WARN_UNINITIALIZED_AUTOS = YES_AGGRESSIVE;
				GCC_WARN_UNUSED_FUNCTION = YES;
				GCC_WARN_UNUSED_VARIABLE = YES;
				IPHONEOS_DEPLOYMENT_TARGET = 8.1;
				MTL_ENABLE_DEBUG_INFO = NO;
				SDKROOT = iphoneos;
				VALIDATE_PRODUCT = YES;
			};
			name = Release;
		};
		221AE16B1AAE4D3B0040A9D8 /* Debug */ = {
			isa = XCBuildConfiguration;
			buildSettings = {
				ASSETCATALOG_COMPILER_APPICON_NAME = AppIcon;
				INFOPLIST_FILE = HelloWorld/Info.plist;
				LD_RUNPATH_SEARCH_PATHS = "$(inherited) @executable_path/Frameworks";
				PRODUCT_NAME = "$(TARGET_NAME)";
			};
			name = Debug;
		};
		221AE16C1AAE4D3B0040A9D8 /* Release */ = {
			isa = XCBuildConfiguration;
			buildSettings = {
				ASSETCATALOG_COMPILER_APPICON_NAME = AppIcon;
				INFOPLIST_FILE = HelloWorld/Info.plist;
				LD_RUNPATH_SEARCH_PATHS = "$(inherited) @executable_path/Frameworks";
				PRODUCT_NAME = "$(TARGET_NAME)";
			};
			name = Release;
		};
		221AE16E1AAE4D3B0040A9D8 /* Debug */ = {
			isa = XCBuildConfiguration;
			buildSettings = {
				BUNDLE_LOADER = "$(TEST_HOST)";
				FRAMEWORK_SEARCH_PATHS = (
					"$(SDKROOT)/Developer/Library/Frameworks",
					"$(inherited)",
				);
				GCC_PREPROCESSOR_DEFINITIONS = (
					"DEBUG=1",
					"$(inherited)",
				);
				INFOPLIST_FILE = HelloWorldTests/Info.plist;
				LD_RUNPATH_SEARCH_PATHS = "$(inherited) @executable_path/Frameworks @loader_path/Frameworks";
				PRODUCT_NAME = "$(TARGET_NAME)";
				TEST_HOST = "$(BUILT_PRODUCTS_DIR)/HelloWorld.app/HelloWorld";
			};
			name = Debug;
		};
		221AE16F1AAE4D3B0040A9D8 /* Release */ = {
			isa = XCBuildConfiguration;
			buildSettings = {
				BUNDLE_LOADER = "$(TEST_HOST)";
				FRAMEWORK_SEARCH_PATHS = (
					"$(SDKROOT)/Developer/Library/Frameworks",
					"$(inherited)",
				);
				INFOPLIST_FILE = HelloWorldTests/Info.plist;
				LD_RUNPATH_SEARCH_PATHS = "$(inherited) @executable_path/Frameworks @loader_path/Frameworks";
				PRODUCT_NAME = "$(TARGET_NAME)";
				TEST_HOST = "$(BUILT_PRODUCTS_DIR)/HelloWorld.app/HelloWorld";
			};
			name = Release;
		};
/* End XCBuildConfiguration section */

/* Begin XCConfigurationList section */
		221AE1421AAE4D3B0040A9D8 /* Build configuration list for PBXProject "HelloWorld" */ = {
			isa = XCConfigurationList;
			buildConfigurations = (
				221AE1681AAE4D3B0040A9D8 /* Debug */,
				221AE1691AAE4D3B0040A9D8 /* Release */,
			);
			defaultConfigurationIsVisible = 0;
			defaultConfigurationName = Release;
		};
		221AE16A1AAE4D3B0040A9D8 /* Build configuration list for PBXNativeTarget "HelloWorld" */ = {
			isa = XCConfigurationList;
			buildConfigurations = (
				221AE16B1AAE4D3B0040A9D8 /* Debug */,
				221AE16C1AAE4D3B0040A9D8 /* Release */,
			);
			defaultConfigurationIsVisible = 0;
		};
		221AE16D1AAE4D3B0040A9D8 /* Build configuration list for PBXNativeTarget "HelloWorldTests" */ = {
			isa = XCConfigurationList;
			buildConfigurations = (
				221AE16E1AAE4D3B0040A9D8 /* Debug */,
				221AE16F1AAE4D3B0040A9D8 /* Release */,
			);
			defaultConfigurationIsVisible = 0;
		};
/* End XCConfigurationList section */
	};
	rootObject = 221AE13F1AAE4D3B0040A9D8 /* Project object */;
}
