// !$*UTF8*$!
{
	archiveVersion = 1;
	classes = {
	};
	objectVersion = 46;
	objects = {

/* Begin PBXBuildFile section */
		22459C381A7C1F9100855BDA /* main.m in Sources */ = {isa = PBXBuildFile; fileRef = 22459C371A7C1F9100855BDA /* main.m */; };
		22459C521A7C1F9100855BDA /* TestBackground1Tests.m in Sources */ = {isa = PBXBuildFile; fileRef = 22459C511A7C1F9100855BDA /* TestBackground1Tests.m */; };
		22459C5D1A7C1FB500855BDA /* AppDelegate.m in Sources */ = {isa = PBXBuildFile; fileRef = 22459C5C1A7C1FB500855BDA /* AppDelegate.m */; };
		22459C691A7C205F00855BDA /* AutoLayout.m in Sources */ = {isa = PBXBuildFile; fileRef = 22459C5F1A7C205F00855BDA /* AutoLayout.m */; };
		22459C6A1A7C205F00855BDA /* EntityDetailViewController.m in Sources */ = {isa = PBXBuildFile; fileRef = 22459C611A7C205F00855BDA /* EntityDetailViewController.m */; };
		22459C6B1A7C205F00855BDA /* ListPersistViewController.m in Sources */ = {isa = PBXBuildFile; fileRef = 22459C641A7C205F00855BDA /* ListPersistViewController.m */; };
		22459C6C1A7C205F00855BDA /* MyViewController.m in Sources */ = {isa = PBXBuildFile; fileRef = 22459C661A7C205F00855BDA /* MyViewController.m */; };
		22459C6D1A7C205F00855BDA /* TextFieldCell.m in Sources */ = {isa = PBXBuildFile; fileRef = 22459C681A7C205F00855BDA /* TextFieldCell.m */; };
/* End PBXBuildFile section */

/* Begin PBXContainerItemProxy section */
		22459C4C1A7C1F9100855BDA /* PBXContainerItemProxy */ = {
			isa = PBXContainerItemProxy;
			containerPortal = 22459C2A1A7C1F9100855BDA /* Project object */;
			proxyType = 1;
			remoteGlobalIDString = 22459C311A7C1F9100855BDA;
			remoteInfo = TestBackground1;
		};
/* End PBXContainerItemProxy section */

/* Begin PBXFileReference section */
		22459C321A7C1F9100855BDA /* TestBackground1.app */ = {isa = PBXFileReference; explicitFileType = wrapper.application; includeInIndex = 0; path = TestBackground1.app; sourceTree = BUILT_PRODUCTS_DIR; };
		22459C361A7C1F9100855BDA /* Info.plist */ = {isa = PBXFileReference; lastKnownFileType = text.plist.xml; path = Info.plist; sourceTree = "<group>"; };
		22459C371A7C1F9100855BDA /* main.m */ = {isa = PBXFileReference; lastKnownFileType = sourcecode.c.objc; path = main.m; sourceTree = "<group>"; };
		22459C4B1A7C1F9100855BDA /* TestBackground1Tests.xctest */ = {isa = PBXFileReference; explicitFileType = wrapper.cfbundle; includeInIndex = 0; path = TestBackground1Tests.xctest; sourceTree = BUILT_PRODUCTS_DIR; };
		22459C501A7C1F9100855BDA /* Info.plist */ = {isa = PBXFileReference; lastKnownFileType = text.plist.xml; path = Info.plist; sourceTree = "<group>"; };
		22459C511A7C1F9100855BDA /* TestBackground1Tests.m */ = {isa = PBXFileReference; lastKnownFileType = sourcecode.c.objc; path = TestBackground1Tests.m; sourceTree = "<group>"; };
		22459C5B1A7C1FB500855BDA /* AppDelegate.h */ = {isa = PBXFileReference; fileEncoding = 4; lastKnownFileType = sourcecode.c.h; path = AppDelegate.h; sourceTree = "<group>"; };
		22459C5C1A7C1FB500855BDA /* AppDelegate.m */ = {isa = PBXFileReference; fileEncoding = 4; lastKnownFileType = sourcecode.c.objc; path = AppDelegate.m; sourceTree = "<group>"; };
		22459C5E1A7C205F00855BDA /* AutoLayout.h */ = {isa = PBXFileReference; fileEncoding = 4; lastKnownFileType = sourcecode.c.h; path = AutoLayout.h; sourceTree = "<group>"; };
		22459C5F1A7C205F00855BDA /* AutoLayout.m */ = {isa = PBXFileReference; fileEncoding = 4; lastKnownFileType = sourcecode.c.objc; path = AutoLayout.m; sourceTree = "<group>"; };
		22459C601A7C205F00855BDA /* EntityDetailViewController.h */ = {isa = PBXFileReference; fileEncoding = 4; lastKnownFileType = sourcecode.c.h; path = EntityDetailViewController.h; sourceTree = "<group>"; };
		22459C611A7C205F00855BDA /* EntityDetailViewController.m */ = {isa = PBXFileReference; fileEncoding = 4; lastKnownFileType = sourcecode.c.objc; path = EntityDetailViewController.m; sourceTree = "<group>"; };
		22459C621A7C205F00855BDA /* EntityPersistent.h */ = {isa = PBXFileReference; fileEncoding = 4; lastKnownFileType = sourcecode.c.h; path = EntityPersistent.h; sourceTree = "<group>"; };
		22459C631A7C205F00855BDA /* ListPersistViewController.h */ = {isa = PBXFileReference; fileEncoding = 4; lastKnownFileType = sourcecode.c.h; path = ListPersistViewController.h; sourceTree = "<group>"; };
		22459C641A7C205F00855BDA /* ListPersistViewController.m */ = {isa = PBXFileReference; fileEncoding = 4; lastKnownFileType = sourcecode.c.objc; path = ListPersistViewController.m; sourceTree = "<group>"; };
		22459C651A7C205F00855BDA /* MyViewController.h */ = {isa = PBXFileReference; fileEncoding = 4; lastKnownFileType = sourcecode.c.h; path = MyViewController.h; sourceTree = "<group>"; };
		22459C661A7C205F00855BDA /* MyViewController.m */ = {isa = PBXFileReference; fileEncoding = 4; lastKnownFileType = sourcecode.c.objc; path = MyViewController.m; sourceTree = "<group>"; };
		22459C671A7C205F00855BDA /* TextFieldCell.h */ = {isa = PBXFileReference; fileEncoding = 4; lastKnownFileType = sourcecode.c.h; path = TextFieldCell.h; sourceTree = "<group>"; };
		22459C681A7C205F00855BDA /* TextFieldCell.m */ = {isa = PBXFileReference; fileEncoding = 4; lastKnownFileType = sourcecode.c.objc; path = TextFieldCell.m; sourceTree = "<group>"; };
/* End PBXFileReference section */

/* Begin PBXFrameworksBuildPhase section */
		22459C2F1A7C1F9100855BDA /* Frameworks */ = {
			isa = PBXFrameworksBuildPhase;
			buildActionMask = 2147483647;
			files = (
			);
			runOnlyForDeploymentPostprocessing = 0;
		};
		22459C481A7C1F9100855BDA /* Frameworks */ = {
			isa = PBXFrameworksBuildPhase;
			buildActionMask = 2147483647;
			files = (
			);
			runOnlyForDeploymentPostprocessing = 0;
		};
/* End PBXFrameworksBuildPhase section */

/* Begin PBXGroup section */
		22459C291A7C1F9100855BDA = {
			isa = PBXGroup;
			children = (
				22459C341A7C1F9100855BDA /* TestBackground1 */,
				22459C4E1A7C1F9100855BDA /* TestBackground1Tests */,
				22459C331A7C1F9100855BDA /* Products */,
			);
			sourceTree = "<group>";
		};
		22459C331A7C1F9100855BDA /* Products */ = {
			isa = PBXGroup;
			children = (
				22459C321A7C1F9100855BDA /* TestBackground1.app */,
				22459C4B1A7C1F9100855BDA /* TestBackground1Tests.xctest */,
			);
			name = Products;
			sourceTree = "<group>";
		};
		22459C341A7C1F9100855BDA /* TestBackground1 */ = {
			isa = PBXGroup;
			children = (
				22459C6F1A7C206D00855BDA /* viewcontroller */,
				22459C6E1A7C206200855BDA /* util */,
				22459C351A7C1F9100855BDA /* Supporting Files */,
				22459C5B1A7C1FB500855BDA /* AppDelegate.h */,
				22459C5C1A7C1FB500855BDA /* AppDelegate.m */,
			);
			path = TestBackground1;
			sourceTree = "<group>";
		};
		22459C351A7C1F9100855BDA /* Supporting Files */ = {
			isa = PBXGroup;
			children = (
				22459C361A7C1F9100855BDA /* Info.plist */,
				22459C371A7C1F9100855BDA /* main.m */,
			);
			name = "Supporting Files";
			sourceTree = "<group>";
		};
		22459C4E1A7C1F9100855BDA /* TestBackground1Tests */ = {
			isa = PBXGroup;
			children = (
				22459C511A7C1F9100855BDA /* TestBackground1Tests.m */,
				22459C4F1A7C1F9100855BDA /* Supporting Files */,
			);
			path = TestBackground1Tests;
			sourceTree = "<group>";
		};
		22459C4F1A7C1F9100855BDA /* Supporting Files */ = {
			isa = PBXGroup;
			children = (
				22459C501A7C1F9100855BDA /* Info.plist */,
			);
			name = "Supporting Files";
			sourceTree = "<group>";
		};
		22459C6E1A7C206200855BDA /* util */ = {
			isa = PBXGroup;
			children = (
				22459C5E1A7C205F00855BDA /* AutoLayout.h */,
				22459C5F1A7C205F00855BDA /* AutoLayout.m */,
			);
			name = util;
			sourceTree = "<group>";
		};
		22459C6F1A7C206D00855BDA /* viewcontroller */ = {
			isa = PBXGroup;
			children = (
				22459C651A7C205F00855BDA /* MyViewController.h */,
				22459C661A7C205F00855BDA /* MyViewController.m */,
				22459C701A7C207A00855BDA /* common */,
			);
			name = viewcontroller;
			sourceTree = "<group>";
		};
		22459C701A7C207A00855BDA /* common */ = {
			isa = PBXGroup;
			children = (
				22459C671A7C205F00855BDA /* TextFieldCell.h */,
				22459C681A7C205F00855BDA /* TextFieldCell.m */,
				22459C601A7C205F00855BDA /* EntityDetailViewController.h */,
				22459C611A7C205F00855BDA /* EntityDetailViewController.m */,
				22459C621A7C205F00855BDA /* EntityPersistent.h */,
				22459C631A7C205F00855BDA /* ListPersistViewController.h */,
				22459C641A7C205F00855BDA /* ListPersistViewController.m */,
			);
			name = common;
			sourceTree = "<group>";
		};
/* End PBXGroup section */

/* Begin PBXNativeTarget section */
		22459C311A7C1F9100855BDA /* TestBackground1 */ = {
			isa = PBXNativeTarget;
			buildConfigurationList = 22459C551A7C1F9100855BDA /* Build configuration list for PBXNativeTarget "TestBackground1" */;
			buildPhases = (
				22459C2E1A7C1F9100855BDA /* Sources */,
				22459C2F1A7C1F9100855BDA /* Frameworks */,
				22459C301A7C1F9100855BDA /* Resources */,
			);
			buildRules = (
			);
			dependencies = (
			);
			name = TestBackground1;
			productName = TestBackground1;
			productReference = 22459C321A7C1F9100855BDA /* TestBackground1.app */;
			productType = "com.apple.product-type.application";
		};
		22459C4A1A7C1F9100855BDA /* TestBackground1Tests */ = {
			isa = PBXNativeTarget;
			buildConfigurationList = 22459C581A7C1F9100855BDA /* Build configuration list for PBXNativeTarget "TestBackground1Tests" */;
			buildPhases = (
				22459C471A7C1F9100855BDA /* Sources */,
				22459C481A7C1F9100855BDA /* Frameworks */,
				22459C491A7C1F9100855BDA /* Resources */,
			);
			buildRules = (
			);
			dependencies = (
				22459C4D1A7C1F9100855BDA /* PBXTargetDependency */,
			);
			name = TestBackground1Tests;
			productName = TestBackground1Tests;
			productReference = 22459C4B1A7C1F9100855BDA /* TestBackground1Tests.xctest */;
			productType = "com.apple.product-type.bundle.unit-test";
		};
/* End PBXNativeTarget section */

/* Begin PBXProject section */
		22459C2A1A7C1F9100855BDA /* Project object */ = {
			isa = PBXProject;
			attributes = {
				LastUpgradeCheck = 0610;
				ORGANIZATIONNAME = "Mauricio \"Maltron\" Leal";
				TargetAttributes = {
					22459C311A7C1F9100855BDA = {
						CreatedOnToolsVersion = 6.1.1;
						SystemCapabilities = {
							com.apple.BackgroundModes = {
								enabled = 1;
							};
						};
					};
					22459C4A1A7C1F9100855BDA = {
						CreatedOnToolsVersion = 6.1.1;
						TestTargetID = 22459C311A7C1F9100855BDA;
					};
				};
			};
			buildConfigurationList = 22459C2D1A7C1F9100855BDA /* Build configuration list for PBXProject "TestBackground1" */;
			compatibilityVersion = "Xcode 3.2";
			developmentRegion = English;
			hasScannedForEncodings = 0;
			knownRegions = (
				en,
				Base,
			);
			mainGroup = 22459C291A7C1F9100855BDA;
			productRefGroup = 22459C331A7C1F9100855BDA /* Products */;
			projectDirPath = "";
			projectRoot = "";
			targets = (
				22459C311A7C1F9100855BDA /* TestBackground1 */,
				22459C4A1A7C1F9100855BDA /* TestBackground1Tests */,
			);
		};
/* End PBXProject section */

/* Begin PBXResourcesBuildPhase section */
		22459C301A7C1F9100855BDA /* Resources */ = {
			isa = PBXResourcesBuildPhase;
			buildActionMask = 2147483647;
			files = (
			);
			runOnlyForDeploymentPostprocessing = 0;
		};
		22459C491A7C1F9100855BDA /* Resources */ = {
			isa = PBXResourcesBuildPhase;
			buildActionMask = 2147483647;
			files = (
			);
			runOnlyForDeploymentPostprocessing = 0;
		};
/* End PBXResourcesBuildPhase section */

/* Begin PBXSourcesBuildPhase section */
		22459C2E1A7C1F9100855BDA /* Sources */ = {
			isa = PBXSourcesBuildPhase;
			buildActionMask = 2147483647;
			files = (
				22459C6D1A7C205F00855BDA /* TextFieldCell.m in Sources */,
				22459C6C1A7C205F00855BDA /* MyViewController.m in Sources */,
				22459C691A7C205F00855BDA /* AutoLayout.m in Sources */,
				22459C5D1A7C1FB500855BDA /* AppDelegate.m in Sources */,
				22459C6A1A7C205F00855BDA /* EntityDetailViewController.m in Sources */,
				22459C381A7C1F9100855BDA /* main.m in Sources */,
				22459C6B1A7C205F00855BDA /* ListPersistViewController.m in Sources */,
			);
			runOnlyForDeploymentPostprocessing = 0;
		};
		22459C471A7C1F9100855BDA /* Sources */ = {
			isa = PBXSourcesBuildPhase;
			buildActionMask = 2147483647;
			files = (
				22459C521A7C1F9100855BDA /* TestBackground1Tests.m in Sources */,
			);
			runOnlyForDeploymentPostprocessing = 0;
		};
/* End PBXSourcesBuildPhase section */

/* Begin PBXTargetDependency section */
		22459C4D1A7C1F9100855BDA /* PBXTargetDependency */ = {
			isa = PBXTargetDependency;
			target = 22459C311A7C1F9100855BDA /* TestBackground1 */;
			targetProxy = 22459C4C1A7C1F9100855BDA /* PBXContainerItemProxy */;
		};
/* End PBXTargetDependency section */

/* Begin XCBuildConfiguration section */
		22459C531A7C1F9100855BDA /* Debug */ = {
			isa = XCBuildConfiguration;
			buildSettings = {
				ALWAYS_SEARCH_USER_PATHS = NO;
				CLANG_CXX_LANGUAGE_STANDARD = "gnu++0x";
				CLANG_CXX_LIBRARY = "libc++";
				CLANG_ENABLE_MODULES = YES;
				CLANG_ENABLE_OBJC_ARC = YES;
				CLANG_WARN_BOOL_CONVERSION = YES;
				CLANG_WARN_CONSTANT_CONVERSION = YES;
				CLANG_WARN_DIRECT_OBJC_ISA_USAGE = YES_ERROR;
				CLANG_WARN_EMPTY_BODY = YES;
				CLANG_WARN_ENUM_CONVERSION = YES;
				CLANG_WARN_INT_CONVERSION = YES;
				CLANG_WARN_OBJC_ROOT_CLASS = YES_ERROR;
				CLANG_WARN_UNREACHABLE_CODE = YES;
				CLANG_WARN__DUPLICATE_METHOD_MATCH = YES;
				"CODE_SIGN_IDENTITY[sdk=iphoneos*]" = "iPhone Developer";
				COPY_PHASE_STRIP = NO;
				ENABLE_STRICT_OBJC_MSGSEND = YES;
				GCC_C_LANGUAGE_STANDARD = gnu99;
				GCC_DYNAMIC_NO_PIC = NO;
				GCC_OPTIMIZATION_LEVEL = 0;
				GCC_PREPROCESSOR_DEFINITIONS = (
					"DEBUG=1",
					"$(inherited)",
				);
				GCC_SYMBOLS_PRIVATE_EXTERN = NO;
				GCC_WARN_64_TO_32_BIT_CONVERSION = YES;
				GCC_WARN_ABOUT_RETURN_TYPE = YES_ERROR;
				GCC_WARN_UNDECLARED_SELECTOR = YES;
				GCC_WARN_UNINITIALIZED_AUTOS = YES_AGGRESSIVE;
				GCC_WARN_UNUSED_FUNCTION = YES;
				GCC_WARN_UNUSED_VARIABLE = YES;
				IPHONEOS_DEPLOYMENT_TARGET = 8.1;
				MTL_ENABLE_DEBUG_INFO = YES;
				ONLY_ACTIVE_ARCH = YES;
				SDKROOT = iphoneos;
			};
			name = Debug;
		};
		22459C541A7C1F9100855BDA /* Release */ = {
			isa = XCBuildConfiguration;
			buildSettings = {
				ALWAYS_SEARCH_USER_PATHS = NO;
				CLANG_CXX_LANGUAGE_STANDARD = "gnu++0x";
				CLANG_CXX_LIBRARY = "libc++";
				CLANG_ENABLE_MODULES = YES;
				CLANG_ENABLE_OBJC_ARC = YES;
				CLANG_WARN_BOOL_CONVERSION = YES;
				CLANG_WARN_CONSTANT_CONVERSION = YES;
				CLANG_WARN_DIRECT_OBJC_ISA_USAGE = YES_ERROR;
				CLANG_WARN_EMPTY_BODY = YES;
				CLANG_WARN_ENUM_CONVERSION = YES;
				CLANG_WARN_INT_CONVERSION = YES;
				CLANG_WARN_OBJC_ROOT_CLASS = YES_ERROR;
				CLANG_WARN_UNREACHABLE_CODE = YES;
				CLANG_WARN__DUPLICATE_METHOD_MATCH = YES;
				"CODE_SIGN_IDENTITY[sdk=iphoneos*]" = "iPhone Developer";
				COPY_PHASE_STRIP = YES;
				ENABLE_NS_ASSERTIONS = NO;
				ENABLE_STRICT_OBJC_MSGSEND = YES;
				GCC_C_LANGUAGE_STANDARD = gnu99;
				GCC_WARN_64_TO_32_BIT_CONVERSION = YES;
				GCC_WARN_ABOUT_RETURN_TYPE = YES_ERROR;
				GCC_WARN_UNDECLARED_SELECTOR = YES;
				GCC_WARN_UNINITIALIZED_AUTOS = YES_AGGRESSIVE;
				GCC_WARN_UNUSED_FUNCTION = YES;
				GCC_WARN_UNUSED_VARIABLE = YES;
				IPHONEOS_DEPLOYMENT_TARGET = 8.1;
				MTL_ENABLE_DEBUG_INFO = NO;
				SDKROOT = iphoneos;
				VALIDATE_PRODUCT = YES;
			};
			name = Release;
		};
		22459C561A7C1F9100855BDA /* Debug */ = {
			isa = XCBuildConfiguration;
			buildSettings = {
				ASSETCATALOG_COMPILER_APPICON_NAME = AppIcon;
				INFOPLIST_FILE = TestBackground1/Info.plist;
				LD_RUNPATH_SEARCH_PATHS = "$(inherited) @executable_path/Frameworks";
				PRODUCT_NAME = "$(TARGET_NAME)";
			};
			name = Debug;
		};
		22459C571A7C1F9100855BDA /* Release */ = {
			isa = XCBuildConfiguration;
			buildSettings = {
				ASSETCATALOG_COMPILER_APPICON_NAME = AppIcon;
				INFOPLIST_FILE = TestBackground1/Info.plist;
				LD_RUNPATH_SEARCH_PATHS = "$(inherited) @executable_path/Frameworks";
				PRODUCT_NAME = "$(TARGET_NAME)";
			};
			name = Release;
		};
		22459C591A7C1F9100855BDA /* Debug */ = {
			isa = XCBuildConfiguration;
			buildSettings = {
				BUNDLE_LOADER = "$(TEST_HOST)";
				FRAMEWORK_SEARCH_PATHS = (
					"$(SDKROOT)/Developer/Library/Frameworks",
					"$(inherited)",
				);
				GCC_PREPROCESSOR_DEFINITIONS = (
					"DEBUG=1",
					"$(inherited)",
				);
				INFOPLIST_FILE = TestBackground1Tests/Info.plist;
				LD_RUNPATH_SEARCH_PATHS = "$(inherited) @executable_path/Frameworks @loader_path/Frameworks";
				PRODUCT_NAME = "$(TARGET_NAME)";
				TEST_HOST = "$(BUILT_PRODUCTS_DIR)/TestBackground1.app/TestBackground1";
			};
			name = Debug;
		};
		22459C5A1A7C1F9100855BDA /* Release */ = {
			isa = XCBuildConfiguration;
			buildSettings = {
				BUNDLE_LOADER = "$(TEST_HOST)";
				FRAMEWORK_SEARCH_PATHS = (
					"$(SDKROOT)/Developer/Library/Frameworks",
					"$(inherited)",
				);
				INFOPLIST_FILE = TestBackground1Tests/Info.plist;
				LD_RUNPATH_SEARCH_PATHS = "$(inherited) @executable_path/Frameworks @loader_path/Frameworks";
				PRODUCT_NAME = "$(TARGET_NAME)";
				TEST_HOST = "$(BUILT_PRODUCTS_DIR)/TestBackground1.app/TestBackground1";
			};
			name = Release;
		};
/* End XCBuildConfiguration section */

/* Begin XCConfigurationList section */
		22459C2D1A7C1F9100855BDA /* Build configuration list for PBXProject "TestBackground1" */ = {
			isa = XCConfigurationList;
			buildConfigurations = (
				22459C531A7C1F9100855BDA /* Debug */,
				22459C541A7C1F9100855BDA /* Release */,
			);
			defaultConfigurationIsVisible = 0;
			defaultConfigurationName = Release;
		};
		22459C551A7C1F9100855BDA /* Build configuration list for PBXNativeTarget "TestBackground1" */ = {
			isa = XCConfigurationList;
			buildConfigurations = (
				22459C561A7C1F9100855BDA /* Debug */,
				22459C571A7C1F9100855BDA /* Release */,
			);
			defaultConfigurationIsVisible = 0;
		};
		22459C581A7C1F9100855BDA /* Build configuration list for PBXNativeTarget "TestBackground1Tests" */ = {
			isa = XCConfigurationList;
			buildConfigurations = (
				22459C591A7C1F9100855BDA /* Debug */,
				22459C5A1A7C1F9100855BDA /* Release */,
			);
			defaultConfigurationIsVisible = 0;
		};
/* End XCConfigurationList section */
	};
	rootObject = 22459C2A1A7C1F9100855BDA /* Project object */;
}
