// !$*UTF8*$!
{
	archiveVersion = 1;
	classes = {
	};
	objectVersion = 46;
	objects = {

/* Begin PBXBuildFile section */
		22ACE0C21A8A3D9800C29458 /* main.m in Sources */ = {isa = PBXBuildFile; fileRef = 22ACE0C11A8A3D9800C29458 /* main.m */; };
/* End PBXBuildFile section */

/* Begin PBXCopyFilesBuildPhase section */
		22ACE0BC1A8A3D9800C29458 /* CopyFiles */ = {
			isa = PBXCopyFilesBuildPhase;
			buildActionMask = 2147483647;
			dstPath = /usr/share/man/man1/;
			dstSubfolderSpec = 0;
			files = (
			);
			runOnlyForDeploymentPostprocessing = 1;
		};
/* End PBXCopyFilesBuildPhase section */

/* Begin PBXFileReference section */
		22ACE0BE1A8A3D9800C29458 /* TestJSONSeriailzation */ = {isa = PBXFileReference; explicitFileType = "compiled.mach-o.executable"; includeInIndex = 0; path = TestJSONSeriailzation; sourceTree = BUILT_PRODUCTS_DIR; };
		22ACE0C11A8A3D9800C29458 /* main.m */ = {isa = PBXFileReference; lastKnownFileType = sourcecode.c.objc; path = main.m; sourceTree = "<group>"; };
/* End PBXFileReference section */

/* Begin PBXFrameworksBuildPhase section */
		22ACE0BB1A8A3D9800C29458 /* Frameworks */ = {
			isa = PBXFrameworksBuildPhase;
			buildActionMask = 2147483647;
			files = (
			);
			runOnlyForDeploymentPostprocessing = 0;
		};
/* End PBXFrameworksBuildPhase section */

/* Begin PBXGroup section */
		22ACE0B51A8A3D9800C29458 = {
			isa = PBXGroup;
			children = (
				22ACE0C01A8A3D9800C29458 /* TestJSONSeriailzation */,
				22ACE0BF1A8A3D9800C29458 /* Products */,
			);
			sourceTree = "<group>";
		};
		22ACE0BF1A8A3D9800C29458 /* Products */ = {
			isa = PBXGroup;
			children = (
				22ACE0BE1A8A3D9800C29458 /* TestJSONSeriailzation */,
			);
			name = Products;
			sourceTree = "<group>";
		};
		22ACE0C01A8A3D9800C29458 /* TestJSONSeriailzation */ = {
			isa = PBXGroup;
			children = (
				22ACE0C11A8A3D9800C29458 /* main.m */,
			);
			path = TestJSONSeriailzation;
			sourceTree = "<group>";
		};
/* End PBXGroup section */

/* Begin PBXNativeTarget section */
		22ACE0BD1A8A3D9800C29458 /* TestJSONSeriailzation */ = {
			isa = PBXNativeTarget;
			buildConfigurationList = 22ACE0C51A8A3D9800C29458 /* Build configuration list for PBXNativeTarget "TestJSONSeriailzation" */;
			buildPhases = (
				22ACE0BA1A8A3D9800C29458 /* Sources */,
				22ACE0BB1A8A3D9800C29458 /* Frameworks */,
				22ACE0BC1A8A3D9800C29458 /* CopyFiles */,
			);
			buildRules = (
			);
			dependencies = (
			);
			name = TestJSONSeriailzation;
			productName = TestJSONSeriailzation;
			productReference = 22ACE0BE1A8A3D9800C29458 /* TestJSONSeriailzation */;
			productType = "com.apple.product-type.tool";
		};
/* End PBXNativeTarget section */

/* Begin PBXProject section */
		22ACE0B61A8A3D9800C29458 /* Project object */ = {
			isa = PBXProject;
			attributes = {
				LastUpgradeCheck = 0610;
				ORGANIZATIONNAME = "Mauricio \"Maltron\" Leal";
				TargetAttributes = {
					22ACE0BD1A8A3D9800C29458 = {
						CreatedOnToolsVersion = 6.1.1;
					};
				};
			};
			buildConfigurationList = 22ACE0B91A8A3D9800C29458 /* Build configuration list for PBXProject "TestJSONSeriailzation" */;
			compatibilityVersion = "Xcode 3.2";
			developmentRegion = English;
			hasScannedForEncodings = 0;
			knownRegions = (
				en,
			);
			mainGroup = 22ACE0B51A8A3D9800C29458;
			productRefGroup = 22ACE0BF1A8A3D9800C29458 /* Products */;
			projectDirPath = "";
			projectRoot = "";
			targets = (
				22ACE0BD1A8A3D9800C29458 /* TestJSONSeriailzation */,
			);
		};
/* End PBXProject section */

/* Begin PBXSourcesBuildPhase section */
		22ACE0BA1A8A3D9800C29458 /* Sources */ = {
			isa = PBXSourcesBuildPhase;
			buildActionMask = 2147483647;
			files = (
				22ACE0C21A8A3D9800C29458 /* main.m in Sources */,
			);
			runOnlyForDeploymentPostprocessing = 0;
		};
/* End PBXSourcesBuildPhase section */

/* Begin XCBuildConfiguration section */
		22ACE0C31A8A3D9800C29458 /* Debug */ = {
			isa = XCBuildConfiguration;
			buildSettings = {
				ALWAYS_SEARCH_USER_PATHS = NO;
				CLANG_CXX_LANGUAGE_STANDARD = "gnu++0x";
				CLANG_CXX_LIBRARY = "libc++";
				CLANG_ENABLE_MODULES = YES;
				CLANG_ENABLE_OBJC_ARC = YES;
				CLANG_WARN_BOOL_CONVERSION = YES;
				CLANG_WARN_CONSTANT_CONVERSION = YES;
				CLANG_WARN_DIRECT_OBJC_ISA_USAGE = YES_ERROR;
				CLANG_WARN_EMPTY_BODY = YES;
				CLANG_WARN_ENUM_CONVERSION = YES;
				CLANG_WARN_INT_CONVERSION = YES;
				CLANG_WARN_OBJC_ROOT_CLASS = YES_ERROR;
				CLANG_WARN_UNREACHABLE_CODE = YES;
				CLANG_WARN__DUPLICATE_METHOD_MATCH = YES;
				COPY_PHASE_STRIP = NO;
				ENABLE_STRICT_OBJC_MSGSEND = YES;
				GCC_C_LANGUAGE_STANDARD = gnu99;
				GCC_DYNAMIC_NO_PIC = NO;
				GCC_OPTIMIZATION_LEVEL = 0;
				GCC_PREPROCESSOR_DEFINITIONS = (
					"DEBUG=1",
					"$(inherited)",
				);
				GCC_SYMBOLS_PRIVATE_EXTERN = NO;
				GCC_WARN_64_TO_32_BIT_CONVERSION = YES;
				GCC_WARN_ABOUT_RETURN_TYPE = YES_ERROR;
				GCC_WARN_UNDECLARED_SELECTOR = YES;
				GCC_WARN_UNINITIALIZED_AUTOS = YES_AGGRESSIVE;
				GCC_WARN_UNUSED_FUNCTION = YES;
				GCC_WARN_UNUSED_VARIABLE = YES;
				MACOSX_DEPLOYMENT_TARGET = 10.9;
				MTL_ENABLE_DEBUG_INFO = YES;
				ONLY_ACTIVE_ARCH = YES;
				SDKROOT = macosx;
			};
			name = Debug;
		};
		22ACE0C41A8A3D9800C29458 /* Release */ = {
			isa = XCBuildConfiguration;
			buildSettings = {
				ALWAYS_SEARCH_USER_PATHS = NO;
				CLANG_CXX_LANGUAGE_STANDARD = "gnu++0x";
				CLANG_CXX_LIBRARY = "libc++";
				CLANG_ENABLE_MODULES = YES;
				CLANG_ENABLE_OBJC_ARC = YES;
				CLANG_WARN_BOOL_CONVERSION = YES;
				CLANG_WARN_CONSTANT_CONVERSION = YES;
				CLANG_WARN_DIRECT_OBJC_ISA_USAGE = YES_ERROR;
				CLANG_WARN_EMPTY_BODY = YES;
				CLANG_WARN_ENUM_CONVERSION = YES;
				CLANG_WARN_INT_CONVERSION = YES;
				CLANG_WARN_OBJC_ROOT_CLASS = YES_ERROR;
				CLANG_WARN_UNREACHABLE_CODE = YES;
				CLANG_WARN__DUPLICATE_METHOD_MATCH = YES;
				COPY_PHASE_STRIP = YES;
				DEBUG_INFORMATION_FORMAT = "dwarf-with-dsym";
				ENABLE_NS_ASSERTIONS = NO;
				ENABLE_STRICT_OBJC_MSGSEND = YES;
				GCC_C_LANGUAGE_STANDARD = gnu99;
				GCC_WARN_64_TO_32_BIT_CONVERSION = YES;
				GCC_WARN_ABOUT_RETURN_TYPE = YES_ERROR;
				GCC_WARN_UNDECLARED_SELECTOR = YES;
				GCC_WARN_UNINITIALIZED_AUTOS = YES_AGGRESSIVE;
				GCC_WARN_UNUSED_FUNCTION = YES;
				GCC_WARN_UNUSED_VARIABLE = YES;
				MACOSX_DEPLOYMENT_TARGET = 10.9;
				MTL_ENABLE_DEBUG_INFO = NO;
				SDKROOT = macosx;
			};
			name = Release;
		};
		22ACE0C61A8A3D9800C29458 /* Debug */ = {
			isa = XCBuildConfiguration;
			buildSettings = {
				PRODUCT_NAME = "$(TARGET_NAME)";
			};
			name = Debug;
		};
		22ACE0C71A8A3D9800C29458 /* Release */ = {
			isa = XCBuildConfiguration;
			buildSettings = {
				PRODUCT_NAME = "$(TARGET_NAME)";
			};
			name = Release;
		};
/* End XCBuildConfiguration section */

/* Begin XCConfigurationList section */
		22ACE0B91A8A3D9800C29458 /* Build configuration list for PBXProject "TestJSONSeriailzation" */ = {
			isa = XCConfigurationList;
			buildConfigurations = (
				22ACE0C31A8A3D9800C29458 /* Debug */,
				22ACE0C41A8A3D9800C29458 /* Release */,
			);
			defaultConfigurationIsVisible = 0;
			defaultConfigurationName = Release;
		};
		22ACE0C51A8A3D9800C29458 /* Build configuration list for PBXNativeTarget "TestJSONSeriailzation" */ = {
			isa = XCConfigurationList;
			buildConfigurations = (
				22ACE0C61A8A3D9800C29458 /* Debug */,
				22ACE0C71A8A3D9800C29458 /* Release */,
			);
			defaultConfigurationIsVisible = 0;
		};
/* End XCConfigurationList section */
	};
	rootObject = 22ACE0B61A8A3D9800C29458 /* Project object */;
}
