// !$*UTF8*$!
{
	archiveVersion = 1;
	classes = {
	};
	objectVersion = 46;
	objects = {

/* Begin PBXBuildFile section */
		22D7437B1A63307E00FF5CF5 /* main.m in Sources */ = {isa = PBXBuildFile; fileRef = 22D7437A1A63307E00FF5CF5 /* main.m */; };
		22D743951A63307E00FF5CF5 /* HelloWorldTests.m in Sources */ = {isa = PBXBuildFile; fileRef = 22D743941A63307E00FF5CF5 /* HelloWorldTests.m */; };
		22D743A01A6330A100FF5CF5 /* AppDelegate.m in Sources */ = {isa = PBXBuildFile; fileRef = 22D7439F1A6330A100FF5CF5 /* AppDelegate.m */; };
		22D743A31A63310400FF5CF5 /* MyViewController.m in Sources */ = {isa = PBXBuildFile; fileRef = 22D743A21A63310400FF5CF5 /* MyViewController.m */; };
		22D743AC1A63323C00FF5CF5 /* ListPersistViewController.m in Sources */ = {isa = PBXBuildFile; fileRef = 22D743A71A63323C00FF5CF5 /* ListPersistViewController.m */; };
		22D743AD1A63323C00FF5CF5 /* EntityDetailViewController.m in Sources */ = {isa = PBXBuildFile; fileRef = 22D743A91A63323C00FF5CF5 /* EntityDetailViewController.m */; };
		22D743AE1A63323C00FF5CF5 /* TextFieldCell.m in Sources */ = {isa = PBXBuildFile; fileRef = 22D743AB1A63323C00FF5CF5 /* TextFieldCell.m */; };
		22D743B21A63327100FF5CF5 /* AutoLayout.m in Sources */ = {isa = PBXBuildFile; fileRef = 22D743B11A63327100FF5CF5 /* AutoLayout.m */; };
/* End PBXBuildFile section */

/* Begin PBXContainerItemProxy section */
		22D7438F1A63307E00FF5CF5 /* PBXContainerItemProxy */ = {
			isa = PBXContainerItemProxy;
			containerPortal = 22D7436D1A63307E00FF5CF5 /* Project object */;
			proxyType = 1;
			remoteGlobalIDString = 22D743741A63307E00FF5CF5;
			remoteInfo = HelloWorld;
		};
/* End PBXContainerItemProxy section */

/* Begin PBXFileReference section */
		22D743751A63307E00FF5CF5 /* HelloWorld.app */ = {isa = PBXFileReference; explicitFileType = wrapper.application; includeInIndex = 0; path = HelloWorld.app; sourceTree = BUILT_PRODUCTS_DIR; };
		22D743791A63307E00FF5CF5 /* Info.plist */ = {isa = PBXFileReference; lastKnownFileType = text.plist.xml; path = Info.plist; sourceTree = "<group>"; };
		22D7437A1A63307E00FF5CF5 /* main.m */ = {isa = PBXFileReference; lastKnownFileType = sourcecode.c.objc; path = main.m; sourceTree = "<group>"; };
		22D7438E1A63307E00FF5CF5 /* HelloWorldTests.xctest */ = {isa = PBXFileReference; explicitFileType = wrapper.cfbundle; includeInIndex = 0; path = HelloWorldTests.xctest; sourceTree = BUILT_PRODUCTS_DIR; };
		22D743931A63307E00FF5CF5 /* Info.plist */ = {isa = PBXFileReference; lastKnownFileType = text.plist.xml; path = Info.plist; sourceTree = "<group>"; };
		22D743941A63307E00FF5CF5 /* HelloWorldTests.m */ = {isa = PBXFileReference; lastKnownFileType = sourcecode.c.objc; path = HelloWorldTests.m; sourceTree = "<group>"; };
		22D7439E1A6330A100FF5CF5 /* AppDelegate.h */ = {isa = PBXFileReference; fileEncoding = 4; lastKnownFileType = sourcecode.c.h; path = AppDelegate.h; sourceTree = "<group>"; };
		22D7439F1A6330A100FF5CF5 /* AppDelegate.m */ = {isa = PBXFileReference; fileEncoding = 4; lastKnownFileType = sourcecode.c.objc; path = AppDelegate.m; sourceTree = "<group>"; };
		22D743A11A63310400FF5CF5 /* MyViewController.h */ = {isa = PBXFileReference; fileEncoding = 4; lastKnownFileType = sourcecode.c.h; path = MyViewController.h; sourceTree = "<group>"; };
		22D743A21A63310400FF5CF5 /* MyViewController.m */ = {isa = PBXFileReference; fileEncoding = 4; lastKnownFileType = sourcecode.c.objc; path = MyViewController.m; sourceTree = "<group>"; };
		22D743A51A63323C00FF5CF5 /* EntityPersistent.h */ = {isa = PBXFileReference; fileEncoding = 4; lastKnownFileType = sourcecode.c.h; path = EntityPersistent.h; sourceTree = "<group>"; };
		22D743A61A63323C00FF5CF5 /* ListPersistViewController.h */ = {isa = PBXFileReference; fileEncoding = 4; lastKnownFileType = sourcecode.c.h; path = ListPersistViewController.h; sourceTree = "<group>"; };
		22D743A71A63323C00FF5CF5 /* ListPersistViewController.m */ = {isa = PBXFileReference; fileEncoding = 4; lastKnownFileType = sourcecode.c.objc; path = ListPersistViewController.m; sourceTree = "<group>"; };
		22D743A81A63323C00FF5CF5 /* EntityDetailViewController.h */ = {isa = PBXFileReference; fileEncoding = 4; lastKnownFileType = sourcecode.c.h; path = EntityDetailViewController.h; sourceTree = "<group>"; };
		22D743A91A63323C00FF5CF5 /* EntityDetailViewController.m */ = {isa = PBXFileReference; fileEncoding = 4; lastKnownFileType = sourcecode.c.objc; path = EntityDetailViewController.m; sourceTree = "<group>"; };
		22D743AA1A63323C00FF5CF5 /* TextFieldCell.h */ = {isa = PBXFileReference; fileEncoding = 4; lastKnownFileType = sourcecode.c.h; path = TextFieldCell.h; sourceTree = "<group>"; };
		22D743AB1A63323C00FF5CF5 /* TextFieldCell.m */ = {isa = PBXFileReference; fileEncoding = 4; lastKnownFileType = sourcecode.c.objc; path = TextFieldCell.m; sourceTree = "<group>"; };
		22D743B01A63327100FF5CF5 /* AutoLayout.h */ = {isa = PBXFileReference; fileEncoding = 4; lastKnownFileType = sourcecode.c.h; path = AutoLayout.h; sourceTree = "<group>"; };
		22D743B11A63327100FF5CF5 /* AutoLayout.m */ = {isa = PBXFileReference; fileEncoding = 4; lastKnownFileType = sourcecode.c.objc; path = AutoLayout.m; sourceTree = "<group>"; };
/* End PBXFileReference section */

/* Begin PBXFrameworksBuildPhase section */
		22D743721A63307E00FF5CF5 /* Frameworks */ = {
			isa = PBXFrameworksBuildPhase;
			buildActionMask = 2147483647;
			files = (
			);
			runOnlyForDeploymentPostprocessing = 0;
		};
		22D7438B1A63307E00FF5CF5 /* Frameworks */ = {
			isa = PBXFrameworksBuildPhase;
			buildActionMask = 2147483647;
			files = (
			);
			runOnlyForDeploymentPostprocessing = 0;
		};
/* End PBXFrameworksBuildPhase section */

/* Begin PBXGroup section */
		22D7436C1A63307E00FF5CF5 = {
			isa = PBXGroup;
			children = (
				22D743771A63307E00FF5CF5 /* HelloWorld */,
				22D743911A63307E00FF5CF5 /* HelloWorldTests */,
				22D743761A63307E00FF5CF5 /* Products */,
			);
			sourceTree = "<group>";
		};
		22D743761A63307E00FF5CF5 /* Products */ = {
			isa = PBXGroup;
			children = (
				22D743751A63307E00FF5CF5 /* HelloWorld.app */,
				22D7438E1A63307E00FF5CF5 /* HelloWorldTests.xctest */,
			);
			name = Products;
			sourceTree = "<group>";
		};
		22D743771A63307E00FF5CF5 /* HelloWorld */ = {
			isa = PBXGroup;
			children = (
				22D744131A65673B00FF5CF5 /* model */,
				22D743B31A63327600FF5CF5 /* util */,
				22D743A41A63322600FF5CF5 /* viewcontroller */,
				22D743781A63307E00FF5CF5 /* Supporting Files */,
				22D7439E1A6330A100FF5CF5 /* AppDelegate.h */,
				22D7439F1A6330A100FF5CF5 /* AppDelegate.m */,
			);
			path = HelloWorld;
			sourceTree = "<group>";
		};
		22D743781A63307E00FF5CF5 /* Supporting Files */ = {
			isa = PBXGroup;
			children = (
				22D743791A63307E00FF5CF5 /* Info.plist */,
				22D7437A1A63307E00FF5CF5 /* main.m */,
			);
			name = "Supporting Files";
			sourceTree = "<group>";
		};
		22D743911A63307E00FF5CF5 /* HelloWorldTests */ = {
			isa = PBXGroup;
			children = (
				22D743941A63307E00FF5CF5 /* HelloWorldTests.m */,
				22D743921A63307E00FF5CF5 /* Supporting Files */,
			);
			path = HelloWorldTests;
			sourceTree = "<group>";
		};
		22D743921A63307E00FF5CF5 /* Supporting Files */ = {
			isa = PBXGroup;
			children = (
				22D743931A63307E00FF5CF5 /* Info.plist */,
			);
			name = "Supporting Files";
			sourceTree = "<group>";
		};
		22D743A41A63322600FF5CF5 /* viewcontroller */ = {
			isa = PBXGroup;
			children = (
				22D743AF1A63324100FF5CF5 /* common */,
				22D743A11A63310400FF5CF5 /* MyViewController.h */,
				22D743A21A63310400FF5CF5 /* MyViewController.m */,
			);
			name = viewcontroller;
			sourceTree = "<group>";
		};
		22D743AF1A63324100FF5CF5 /* common */ = {
			isa = PBXGroup;
			children = (
				22D743A51A63323C00FF5CF5 /* EntityPersistent.h */,
				22D743A61A63323C00FF5CF5 /* ListPersistViewController.h */,
				22D743A71A63323C00FF5CF5 /* ListPersistViewController.m */,
				22D743A81A63323C00FF5CF5 /* EntityDetailViewController.h */,
				22D743A91A63323C00FF5CF5 /* EntityDetailViewController.m */,
				22D743AA1A63323C00FF5CF5 /* TextFieldCell.h */,
				22D743AB1A63323C00FF5CF5 /* TextFieldCell.m */,
			);
			name = common;
			sourceTree = "<group>";
		};
		22D743B31A63327600FF5CF5 /* util */ = {
			isa = PBXGroup;
			children = (
				22D743B01A63327100FF5CF5 /* AutoLayout.h */,
				22D743B11A63327100FF5CF5 /* AutoLayout.m */,
			);
			name = util;
			sourceTree = "<group>";
		};
		22D744131A65673B00FF5CF5 /* model */ = {
			isa = PBXGroup;
			children = (
			);
			name = model;
			sourceTree = "<group>";
		};
/* End PBXGroup section */

/* Begin PBXNativeTarget section */
		22D743741A63307E00FF5CF5 /* HelloWorld */ = {
			isa = PBXNativeTarget;
			buildConfigurationList = 22D743981A63307E00FF5CF5 /* Build configuration list for PBXNativeTarget "HelloWorld" */;
			buildPhases = (
				22D743711A63307E00FF5CF5 /* Sources */,
				22D743721A63307E00FF5CF5 /* Frameworks */,
				22D743731A63307E00FF5CF5 /* Resources */,
			);
			buildRules = (
			);
			dependencies = (
			);
			name = HelloWorld;
			productName = HelloWorld;
			productReference = 22D743751A63307E00FF5CF5 /* HelloWorld.app */;
			productType = "com.apple.product-type.application";
		};
		22D7438D1A63307E00FF5CF5 /* HelloWorldTests */ = {
			isa = PBXNativeTarget;
			buildConfigurationList = 22D7439B1A63307E00FF5CF5 /* Build configuration list for PBXNativeTarget "HelloWorldTests" */;
			buildPhases = (
				22D7438A1A63307E00FF5CF5 /* Sources */,
				22D7438B1A63307E00FF5CF5 /* Frameworks */,
				22D7438C1A63307E00FF5CF5 /* Resources */,
			);
			buildRules = (
			);
			dependencies = (
				22D743901A63307E00FF5CF5 /* PBXTargetDependency */,
			);
			name = HelloWorldTests;
			productName = HelloWorldTests;
			productReference = 22D7438E1A63307E00FF5CF5 /* HelloWorldTests.xctest */;
			productType = "com.apple.product-type.bundle.unit-test";
		};
/* End PBXNativeTarget section */

/* Begin PBXProject section */
		22D7436D1A63307E00FF5CF5 /* Project object */ = {
			isa = PBXProject;
			attributes = {
				LastUpgradeCheck = 0610;
				ORGANIZATIONNAME = "Mauricio \"Maltron\" Leal";
				TargetAttributes = {
					22D743741A63307E00FF5CF5 = {
						CreatedOnToolsVersion = 6.1.1;
					};
					22D7438D1A63307E00FF5CF5 = {
						CreatedOnToolsVersion = 6.1.1;
						TestTargetID = 22D743741A63307E00FF5CF5;
					};
				};
			};
			buildConfigurationList = 22D743701A63307E00FF5CF5 /* Build configuration list for PBXProject "HelloWorld" */;
			compatibilityVersion = "Xcode 3.2";
			developmentRegion = English;
			hasScannedForEncodings = 0;
			knownRegions = (
				en,
				Base,
			);
			mainGroup = 22D7436C1A63307E00FF5CF5;
			productRefGroup = 22D743761A63307E00FF5CF5 /* Products */;
			projectDirPath = "";
			projectRoot = "";
			targets = (
				22D743741A63307E00FF5CF5 /* HelloWorld */,
				22D7438D1A63307E00FF5CF5 /* HelloWorldTests */,
			);
		};
/* End PBXProject section */

/* Begin PBXResourcesBuildPhase section */
		22D743731A63307E00FF5CF5 /* Resources */ = {
			isa = PBXResourcesBuildPhase;
			buildActionMask = 2147483647;
			files = (
			);
			runOnlyForDeploymentPostprocessing = 0;
		};
		22D7438C1A63307E00FF5CF5 /* Resources */ = {
			isa = PBXResourcesBuildPhase;
			buildActionMask = 2147483647;
			files = (
			);
			runOnlyForDeploymentPostprocessing = 0;
		};
/* End PBXResourcesBuildPhase section */

/* Begin PBXSourcesBuildPhase section */
		22D743711A63307E00FF5CF5 /* Sources */ = {
			isa = PBXSourcesBuildPhase;
			buildActionMask = 2147483647;
			files = (
				22D743A31A63310400FF5CF5 /* MyViewController.m in Sources */,
				22D743A01A6330A100FF5CF5 /* AppDelegate.m in Sources */,
				22D743B21A63327100FF5CF5 /* AutoLayout.m in Sources */,
				22D743AD1A63323C00FF5CF5 /* EntityDetailViewController.m in Sources */,
				22D743AE1A63323C00FF5CF5 /* TextFieldCell.m in Sources */,
				22D7437B1A63307E00FF5CF5 /* main.m in Sources */,
				22D743AC1A63323C00FF5CF5 /* ListPersistViewController.m in Sources */,
			);
			runOnlyForDeploymentPostprocessing = 0;
		};
		22D7438A1A63307E00FF5CF5 /* Sources */ = {
			isa = PBXSourcesBuildPhase;
			buildActionMask = 2147483647;
			files = (
				22D743951A63307E00FF5CF5 /* HelloWorldTests.m in Sources */,
			);
			runOnlyForDeploymentPostprocessing = 0;
		};
/* End PBXSourcesBuildPhase section */

/* Begin PBXTargetDependency section */
		22D743901A63307E00FF5CF5 /* PBXTargetDependency */ = {
			isa = PBXTargetDependency;
			target = 22D743741A63307E00FF5CF5 /* HelloWorld */;
			targetProxy = 22D7438F1A63307E00FF5CF5 /* PBXContainerItemProxy */;
		};
/* End PBXTargetDependency section */

/* Begin XCBuildConfiguration section */
		22D743961A63307E00FF5CF5 /* Debug */ = {
			isa = XCBuildConfiguration;
			buildSettings = {
				ALWAYS_SEARCH_USER_PATHS = NO;
				CLANG_CXX_LANGUAGE_STANDARD = "gnu++0x";
				CLANG_CXX_LIBRARY = "libc++";
				CLANG_ENABLE_MODULES = YES;
				CLANG_ENABLE_OBJC_ARC = YES;
				CLANG_WARN_BOOL_CONVERSION = YES;
				CLANG_WARN_CONSTANT_CONVERSION = YES;
				CLANG_WARN_DIRECT_OBJC_ISA_USAGE = YES_ERROR;
				CLANG_WARN_EMPTY_BODY = YES;
				CLANG_WARN_ENUM_CONVERSION = YES;
				CLANG_WARN_INT_CONVERSION = YES;
				CLANG_WARN_OBJC_ROOT_CLASS = YES_ERROR;
				CLANG_WARN_UNREACHABLE_CODE = YES;
				CLANG_WARN__DUPLICATE_METHOD_MATCH = YES;
				"CODE_SIGN_IDENTITY[sdk=iphoneos*]" = "iPhone Developer";
				COPY_PHASE_STRIP = NO;
				ENABLE_STRICT_OBJC_MSGSEND = YES;
				GCC_C_LANGUAGE_STANDARD = gnu99;
				GCC_DYNAMIC_NO_PIC = NO;
				GCC_OPTIMIZATION_LEVEL = 0;
				GCC_PREPROCESSOR_DEFINITIONS = (
					"DEBUG=1",
					"$(inherited)",
				);
				GCC_SYMBOLS_PRIVATE_EXTERN = NO;
				GCC_WARN_64_TO_32_BIT_CONVERSION = YES;
				GCC_WARN_ABOUT_RETURN_TYPE = YES_ERROR;
				GCC_WARN_UNDECLARED_SELECTOR = YES;
				GCC_WARN_UNINITIALIZED_AUTOS = YES_AGGRESSIVE;
				GCC_WARN_UNUSED_FUNCTION = YES;
				GCC_WARN_UNUSED_VARIABLE = YES;
				IPHONEOS_DEPLOYMENT_TARGET = 8.1;
				MTL_ENABLE_DEBUG_INFO = YES;
				ONLY_ACTIVE_ARCH = YES;
				SDKROOT = iphoneos;
			};
			name = Debug;
		};
		22D743971A63307E00FF5CF5 /* Release */ = {
			isa = XCBuildConfiguration;
			buildSettings = {
				ALWAYS_SEARCH_USER_PATHS = NO;
				CLANG_CXX_LANGUAGE_STANDARD = "gnu++0x";
				CLANG_CXX_LIBRARY = "libc++";
				CLANG_ENABLE_MODULES = YES;
				CLANG_ENABLE_OBJC_ARC = YES;
				CLANG_WARN_BOOL_CONVERSION = YES;
				CLANG_WARN_CONSTANT_CONVERSION = YES;
				CLANG_WARN_DIRECT_OBJC_ISA_USAGE = YES_ERROR;
				CLANG_WARN_EMPTY_BODY = YES;
				CLANG_WARN_ENUM_CONVERSION = YES;
				CLANG_WARN_INT_CONVERSION = YES;
				CLANG_WARN_OBJC_ROOT_CLASS = YES_ERROR;
				CLANG_WARN_UNREACHABLE_CODE = YES;
				CLANG_WARN__DUPLICATE_METHOD_MATCH = YES;
				"CODE_SIGN_IDENTITY[sdk=iphoneos*]" = "iPhone Developer";
				COPY_PHASE_STRIP = YES;
				ENABLE_NS_ASSERTIONS = NO;
				ENABLE_STRICT_OBJC_MSGSEND = YES;
				GCC_C_LANGUAGE_STANDARD = gnu99;
				GCC_WARN_64_TO_32_BIT_CONVERSION = YES;
				GCC_WARN_ABOUT_RETURN_TYPE = YES_ERROR;
				GCC_WARN_UNDECLARED_SELECTOR = YES;
				GCC_WARN_UNINITIALIZED_AUTOS = YES_AGGRESSIVE;
				GCC_WARN_UNUSED_FUNCTION = YES;
				GCC_WARN_UNUSED_VARIABLE = YES;
				IPHONEOS_DEPLOYMENT_TARGET = 8.1;
				MTL_ENABLE_DEBUG_INFO = NO;
				SDKROOT = iphoneos;
				VALIDATE_PRODUCT = YES;
			};
			name = Release;
		};
		22D743991A63307E00FF5CF5 /* Debug */ = {
			isa = XCBuildConfiguration;
			buildSettings = {
				ASSETCATALOG_COMPILER_APPICON_NAME = AppIcon;
				INFOPLIST_FILE = HelloWorld/Info.plist;
				LD_RUNPATH_SEARCH_PATHS = "$(inherited) @executable_path/Frameworks";
				PRODUCT_NAME = "$(TARGET_NAME)";
			};
			name = Debug;
		};
		22D7439A1A63307E00FF5CF5 /* Release */ = {
			isa = XCBuildConfiguration;
			buildSettings = {
				ASSETCATALOG_COMPILER_APPICON_NAME = AppIcon;
				INFOPLIST_FILE = HelloWorld/Info.plist;
				LD_RUNPATH_SEARCH_PATHS = "$(inherited) @executable_path/Frameworks";
				PRODUCT_NAME = "$(TARGET_NAME)";
			};
			name = Release;
		};
		22D7439C1A63307E00FF5CF5 /* Debug */ = {
			isa = XCBuildConfiguration;
			buildSettings = {
				BUNDLE_LOADER = "$(TEST_HOST)";
				FRAMEWORK_SEARCH_PATHS = (
					"$(SDKROOT)/Developer/Library/Frameworks",
					"$(inherited)",
				);
				GCC_PREPROCESSOR_DEFINITIONS = (
					"DEBUG=1",
					"$(inherited)",
				);
				INFOPLIST_FILE = HelloWorldTests/Info.plist;
				LD_RUNPATH_SEARCH_PATHS = "$(inherited) @executable_path/Frameworks @loader_path/Frameworks";
				PRODUCT_NAME = "$(TARGET_NAME)";
				TEST_HOST = "$(BUILT_PRODUCTS_DIR)/HelloWorld.app/HelloWorld";
			};
			name = Debug;
		};
		22D7439D1A63307E00FF5CF5 /* Release */ = {
			isa = XCBuildConfiguration;
			buildSettings = {
				BUNDLE_LOADER = "$(TEST_HOST)";
				FRAMEWORK_SEARCH_PATHS = (
					"$(SDKROOT)/Developer/Library/Frameworks",
					"$(inherited)",
				);
				INFOPLIST_FILE = HelloWorldTests/Info.plist;
				LD_RUNPATH_SEARCH_PATHS = "$(inherited) @executable_path/Frameworks @loader_path/Frameworks";
				PRODUCT_NAME = "$(TARGET_NAME)";
				TEST_HOST = "$(BUILT_PRODUCTS_DIR)/HelloWorld.app/HelloWorld";
			};
			name = Release;
		};
/* End XCBuildConfiguration section */

/* Begin XCConfigurationList section */
		22D743701A63307E00FF5CF5 /* Build configuration list for PBXProject "HelloWorld" */ = {
			isa = XCConfigurationList;
			buildConfigurations = (
				22D743961A63307E00FF5CF5 /* Debug */,
				22D743971A63307E00FF5CF5 /* Release */,
			);
			defaultConfigurationIsVisible = 0;
			defaultConfigurationName = Release;
		};
		22D743981A63307E00FF5CF5 /* Build configuration list for PBXNativeTarget "HelloWorld" */ = {
			isa = XCConfigurationList;
			buildConfigurations = (
				22D743991A63307E00FF5CF5 /* Debug */,
				22D7439A1A63307E00FF5CF5 /* Release */,
			);
			defaultConfigurationIsVisible = 0;
			defaultConfigurationName = Release;
		};
		22D7439B1A63307E00FF5CF5 /* Build configuration list for PBXNativeTarget "HelloWorldTests" */ = {
			isa = XCConfigurationList;
			buildConfigurations = (
				22D7439C1A63307E00FF5CF5 /* Debug */,
				22D7439D1A63307E00FF5CF5 /* Release */,
			);
			defaultConfigurationIsVisible = 0;
			defaultConfigurationName = Release;
		};
/* End XCConfigurationList section */
	};
	rootObject = 22D7436D1A63307E00FF5CF5 /* Project object */;
}
